// !$*UTF8*$!
{
	archiveVersion = 1;
	classes = {
	};
	objectVersion = 46;
	objects = {

		F4AA94B8E44FAF7DBAF04E60 = {isa = PBXBuildFile; fileRef = 3D73B6C4D36C7AAB906A84EC; };
		1227EF0F00E3ED7F583BE017 = {isa = PBXBuildFile; fileRef = 0CA3F732CD22C4AFDF427410; };
		AAC31E80783627F12AEA2554 = {isa = PBXBuildFile; fileRef = 8F7172FF5138293F3B6FA7D1; };
		0667C5CCAF4207A02D9CFED3 = {isa = PBXBuildFile; fileRef = EF656997D8AAC0BC6E3738E3; };
		3EFDCF63CE45A20C1DFE71A0 = {isa = PBXBuildFile; fileRef = 765B2CE0A2D55194C85116C6; };
		EA4C6184E0211A8DFF214C75 = {isa = PBXBuildFile; fileRef = F9DFAE53258AF4B643D3337D; };
		4CB7238232E09FB03E24A85A = {isa = PBXBuildFile; fileRef = AF09CBA8BBDD4DE401DA619B; };
		F23CF7403D613E81F7342323 = {isa = PBXBuildFile; fileRef = 36D1D4617487B57497D87F86; };
		3E61CD759733313A61E0C2B1 = {isa = PBXBuildFile; fileRef = 77B0FF429E301806BB2933BD; };
		324755AA373CCB03E8A7CCDE = {isa = PBXBuildFile; fileRef = BD279F0CABE29C74BF5A44A4; };
		44870973D596460731604921 = {isa = PBXBuildFile; fileRef = 7048F7E3C140337C4366E27E; };
		E801F89589AD41881C9D72FD = {isa = PBXBuildFile; fileRef = 934AFE779B76A330D00A945D; };
		558189484A0BD54ADE8C695B = {isa = PBXBuildFile; fileRef = F4827BBA0F22CDA5CDF29C94; };
		47E941BE273BE92DEFD00301 = {isa = PBXBuildFile; fileRef = 6301C951743B7409DE37B208; };
		6CBD6D787C9C97F1364B4C40 = {isa = PBXBuildFile; fileRef = 4BA05E468964E0DA919F1B7E; };
		4E7CBFEEAC77C48B34914413 = {isa = PBXBuildFile; fileRef = D208A994A273365369B23364; };
		A6DC16A97C0270DBF0897348 = {isa = PBXBuildFile; fileRef = 7EC3412AE3E5AD68D229ECA0; };
		1429B48461E5AF52FBC133CC = {isa = PBXBuildFile; fileRef = 5B7AF68C700B14A51A86F490; };
		D17A802778E611D8ADB7D931 = {isa = PBXBuildFile; fileRef = 9EA393A00B4F2F27ACA8983A; };
		F5755B3C05D86CC6F9F404AB = {isa = PBXBuildFile; fileRef = 77A6D1968C60C359CBA9E5B7; };
		2F33821B7041BFD9FAC7A903 = {isa = PBXBuildFile; fileRef = 14EFD6561089C57221E345F5; };
		EEEE73C6779A759605E88DEC = {isa = PBXBuildFile; fileRef = FEFED32C590DDBFC26F697B8; };
		5212BB74B99E6D97ABEB033E = {isa = PBXBuildFile; fileRef = B9C649C821770A3198FE1D1D; };
		644F4877043975CD4AB0FA08 = {isa = PBXBuildFile; fileRef = 077D83C7B3C33CFA728E6242; };
		BC5D5E1044AD05972E9F9C84 = {isa = PBXBuildFile; fileRef = CD1BFDD5A73B6634C0A01435; };
		297DAF882DB573392A406FD4 = {isa = PBXBuildFile; fileRef = C7753DB97DEFBD7A907D9F61; };
		82E7E946240F8F692778F528 = {isa = PBXBuildFile; fileRef = AF9A068D05A737C32847F467; };
		ED810958D9BF7D3A2E4B4F5D = {isa = PBXBuildFile; fileRef = AFDE97D2DD0BC4FE69EC50E4; };
		FB3834C2CF8C3927D51633AC = {isa = PBXBuildFile; fileRef = 142423132F293132EF6C0FAC; };
		3B6645DA7C6E26F180B8FC38 = {isa = PBXBuildFile; fileRef = 859458D62AE2D1A125C8D917; };
		8929C657C7CEB09980B9E681 = {isa = PBXBuildFile; fileRef = 3109AF6423923EB64F36F31F; };
		98F3F21A8EAB7BD83D0CAA05 = {isa = PBXBuildFile; fileRef = 74AC42DDB4C2CF8EF7B5A42A; };
		F614E42C79A86D23B2AAE19A = {isa = PBXBuildFile; fileRef = F643744CA329C6FA9B787D5C; };
		55AFCD12AFBDA5094BB0F71F = {isa = PBXBuildFile; fileRef = 88B0C60362AEE57982260844; };
		67916025A7B7B9FB52EC0017 = {isa = PBXBuildFile; fileRef = F1D9F2710D01266D7CB7EEF2; };
		F07665FF52B104B64D20A889 = {isa = PBXBuildFile; fileRef = 3C1502F4E0FA54AAD53E944A; };
		7F2BC3C9E371DF3B50D0BC8D = {isa = PBXBuildFile; fileRef = 1C68AE99F182CE840D119824; };
		4F19F10440F35F4D34A2CEC8 = {isa = PBXBuildFile; fileRef = 77F1844C54250D58AE4F595B; };
		6BBFB6EDE379320B4DDC1379 = {isa = PBXBuildFile; fileRef = 833D8B5A063F3ED9D12737E2; };
		00C09185F739FB6EFA3F417F = {isa = PBXBuildFile; fileRef = B0F7B9A46D9F3A9FC85A30C5; };
		C22E47ED0B978E96CBB8DC7A = {isa = PBXBuildFile; fileRef = 80976EDBA2C0EF1AFDF63973; };
		63604EFF1A82A9AB0FD5613B = {isa = PBXBuildFile; fileRef = 622CD6EF5B9D2150DDE974C7; };
		F82342F6D1DEC9B25C3CC9F8 = {isa = PBXBuildFile; fileRef = 0AF674B7AADEFFC7A01466EF; };
		5357FDF4DAC2109100A9DDBD = {isa = PBXBuildFile; fileRef = 91AD1CE4B3040349EBAD151D; };
		077D83C7B3C33CFA728E6242 = {isa = PBXFileReference; lastKnownFileType = sourcecode.cpp.objcpp; name = "include_juce_audio_basics.mm"; path = "../../JuceLibraryCode/include_juce_audio_basics.mm"; sourceTree = "SOURCE_ROOT"; };
		0AF674B7AADEFFC7A01466EF = {isa = PBXFileReference; lastKnownFileType = sourcecode.cpp.objcpp; name = "include_juce_opengl.mm"; path = "../../JuceLibraryCode/include_juce_opengl.mm"; sourceTree = "SOURCE_ROOT"; };
		3D73B6C4D36C7AAB906A84EC = {isa = PBXFileReference; explicitFileType = wrapper.cfbundle; includeInIndex = 0; path = NewProject.vst; sourceTree = "BUILT_PRODUCTS_DIR"; };
		0CA3F732CD22C4AFDF427410 = {isa = PBXFileReference; explicitFileType = wrapper.cfbundle; includeInIndex = 0; path = NewProject.component; sourceTree = "BUILT_PRODUCTS_DIR"; };
		129E642A06AC37D7624B8699 = {isa = PBXFileReference; lastKnownFileType = file; name = "juce_audio_basics"; path = "../../../../../../JUCE/modules/juce_audio_basics"; sourceTree = "SOURCE_ROOT"; };
		142423132F293132EF6C0FAC = {isa = PBXFileReference; lastKnownFileType = sourcecode.cpp.objcpp; name = "include_juce_audio_plugin_client_AU_2.mm"; path = "../../JuceLibraryCode/include_juce_audio_plugin_client_AU_2.mm"; sourceTree = "SOURCE_ROOT"; };
		14EFD6561089C57221E345F5 = {isa = PBXFileReference; lastKnownFileType = file.nib; name = RecentFilesMenuTemplate.nib; path = RecentFilesMenuTemplate.nib; sourceTree = "SOURCE_ROOT"; };
		1BCC22F6137DB9BA54CE9CD9 = {isa = PBXFileReference; lastKnownFileType = file; name = "juce_audio_processors"; path = "../../../../../../JUCE/modules/juce_audio_processors"; sourceTree = "SOURCE_ROOT"; };
		1C68AE99F182CE840D119824 = {isa = PBXFileReference; lastKnownFileType = sourcecode.cpp.objcpp; name = "include_juce_cryptography.mm"; path = "../../JuceLibraryCode/include_juce_cryptography.mm"; sourceTree = "SOURCE_ROOT"; };
		21C1754E949888D2A9FB3110 = {isa = PBXFileReference; lastKnownFileType = text.plist.xml; name = "Info-AU.plist"; path = "Info-AU.plist"; sourceTree = "SOURCE_ROOT"; };
		2639D2D9B1DFDB17480D830C = {isa = PBXFileReference; lastKnownFileType = text.plist.xml; name = "Info-Standalone_Plugin.plist"; path = "Info-Standalone_Plugin.plist"; sourceTree = "SOURCE_ROOT"; };
		3109AF6423923EB64F36F31F = {isa = PBXFileReference; lastKnownFileType = sourcecode.cpp.cpp; name = "include_juce_audio_plugin_client_utils.cpp"; path = "../../JuceLibraryCode/include_juce_audio_plugin_client_utils.cpp"; sourceTree = "SOURCE_ROOT"; };
		33047D40FEAD524F6825F68B = {isa = PBXFileReference; lastKnownFileType = file; name = "juce_audio_devices"; path = "../../../../../../JUCE/modules/juce_audio_devices"; sourceTree = "SOURCE_ROOT"; };
		36D1D4617487B57497D87F86 = {isa = PBXFileReference; lastKnownFileType = wrapper.framework; name = AVFoundation.framework; path = System/Library/Frameworks/AVFoundation.framework; sourceTree = SDKROOT; };
		3A42AC3A56C43889508D4BE7 = {isa = PBXFileReference; lastKnownFileType = file; name = "juce_audio_plugin_client"; path = "../../../../../../JUCE/modules/juce_audio_plugin_client"; sourceTree = "SOURCE_ROOT"; };
		3C1502F4E0FA54AAD53E944A = {isa = PBXFileReference; lastKnownFileType = sourcecode.cpp.objcpp; name = "include_juce_core.mm"; path = "../../JuceLibraryCode/include_juce_core.mm"; sourceTree = "SOURCE_ROOT"; };
		433DE0D931A2FF16D0EBDBDE = {isa = PBXFileReference; lastKnownFileType = file; name = "juce_events"; path = "../../../../../../JUCE/modules/juce_events"; sourceTree = "SOURCE_ROOT"; };
		4870F3EAFE00FA37017D75DF = {isa = PBXFileReference; lastKnownFileType = sourcecode.c.h; name = AppConfig.h; path = ../../JuceLibraryCode/AppConfig.h; sourceTree = "SOURCE_ROOT"; };
		4BA05E468964E0DA919F1B7E = {isa = PBXFileReference; lastKnownFileType = wrapper.framework; name = CoreMIDI.framework; path = System/Library/Frameworks/CoreMIDI.framework; sourceTree = SDKROOT; };
		4C88F6AF7E4ABB7A739DE78C = {isa = PBXFileReference; lastKnownFileType = file; name = "juce_gui_extra"; path = "../../../../../../JUCE/modules/juce_gui_extra"; sourceTree = "SOURCE_ROOT"; };
		5B7AF68C700B14A51A86F490 = {isa = PBXFileReference; lastKnownFileType = wrapper.framework; name = OpenGL.framework; path = System/Library/Frameworks/OpenGL.framework; sourceTree = SDKROOT; };
		622CD6EF5B9D2150DDE974C7 = {isa = PBXFileReference; lastKnownFileType = sourcecode.cpp.objcpp; name = "include_juce_gui_extra.mm"; path = "../../JuceLibraryCode/include_juce_gui_extra.mm"; sourceTree = "SOURCE_ROOT"; };
		6301C951743B7409DE37B208 = {isa = PBXFileReference; lastKnownFileType = wrapper.framework; name = CoreMedia.framework; path = System/Library/Frameworks/CoreMedia.framework; sourceTree = SDKROOT; };
		659D9CF865DE1FE5B89D490D = {isa = PBXFileReference; lastKnownFileType = sourcecode.c.h; name = PluginProcessor.h; path = ../../Source/PluginProcessor.h; sourceTree = "SOURCE_ROOT"; };
		7048F7E3C140337C4366E27E = {isa = PBXFileReference; lastKnownFileType = wrapper.framework; name = Cocoa.framework; path = System/Library/Frameworks/Cocoa.framework; sourceTree = SDKROOT; };
		74AC42DDB4C2CF8EF7B5A42A = {isa = PBXFileReference; lastKnownFileType = sourcecode.cpp.objcpp; name = "include_juce_audio_plugin_client_VST_utils.mm"; path = "../../JuceLibraryCode/include_juce_audio_plugin_client_VST_utils.mm"; sourceTree = "SOURCE_ROOT"; };
		765B2CE0A2D55194C85116C6 = {isa = PBXFileReference; lastKnownFileType = wrapper.framework; name = Accelerate.framework; path = System/Library/Frameworks/Accelerate.framework; sourceTree = SDKROOT; };
		77A6D1968C60C359CBA9E5B7 = {isa = PBXFileReference; lastKnownFileType = wrapper.framework; name = WebKit.framework; path = System/Library/Frameworks/WebKit.framework; sourceTree = SDKROOT; };
		77B0FF429E301806BB2933BD = {isa = PBXFileReference; lastKnownFileType = wrapper.framework; name = AVKit.framework; path = System/Library/Frameworks/AVKit.framework; sourceTree = SDKROOT; };
		77F1844C54250D58AE4F595B = {isa = PBXFileReference; lastKnownFileType = sourcecode.cpp.objcpp; name = "include_juce_data_structures.mm"; path = "../../JuceLibraryCode/include_juce_data_structures.mm"; sourceTree = "SOURCE_ROOT"; };
		7EC3412AE3E5AD68D229ECA0 = {isa = PBXFileReference; lastKnownFileType = wrapper.framework; name = IOKit.framework; path = System/Library/Frameworks/IOKit.framework; sourceTree = SDKROOT; };
		80976EDBA2C0EF1AFDF63973 = {isa = PBXFileReference; lastKnownFileType = sourcecode.cpp.objcpp; name = "include_juce_gui_basics.mm"; path = "../../JuceLibraryCode/include_juce_gui_basics.mm"; sourceTree = "SOURCE_ROOT"; };
		80F859156125FA077B4911F8 = {isa = PBXFileReference; lastKnownFileType = sourcecode.c.h; name = JuceHeader.h; path = ../../JuceLibraryCode/JuceHeader.h; sourceTree = "SOURCE_ROOT"; };
		833D8B5A063F3ED9D12737E2 = {isa = PBXFileReference; lastKnownFileType = sourcecode.cpp.objcpp; name = "include_juce_events.mm"; path = "../../JuceLibraryCode/include_juce_events.mm"; sourceTree = "SOURCE_ROOT"; };
		859458D62AE2D1A125C8D917 = {isa = PBXFileReference; lastKnownFileType = sourcecode.cpp.cpp; name = "include_juce_audio_plugin_client_Standalone.cpp"; path = "../../JuceLibraryCode/include_juce_audio_plugin_client_Standalone.cpp"; sourceTree = "SOURCE_ROOT"; };
		88B0C60362AEE57982260844 = {isa = PBXFileReference; lastKnownFileType = sourcecode.cpp.objcpp; name = "include_juce_audio_processors.mm"; path = "../../JuceLibraryCode/include_juce_audio_processors.mm"; sourceTree = "SOURCE_ROOT"; };
		8F7172FF5138293F3B6FA7D1 = {isa = PBXFileReference; explicitFileType = wrapper.application; includeInIndex = 0; path = NewProject.app; sourceTree = "BUILT_PRODUCTS_DIR"; };
		91AD1CE4B3040349EBAD151D = {isa = PBXFileReference; lastKnownFileType = sourcecode.cpp.objcpp; name = "include_juce_video.mm"; path = "../../JuceLibraryCode/include_juce_video.mm"; sourceTree = "SOURCE_ROOT"; };
		934AFE779B76A330D00A945D = {isa = PBXFileReference; lastKnownFileType = wrapper.framework; name = CoreAudio.framework; path = System/Library/Frameworks/CoreAudio.framework; sourceTree = SDKROOT; };
		95CB77A7A8626E90307398DA = {isa = PBXFileReference; lastKnownFileType = sourcecode.c.h; name = PluginEditor.h; path = ../../Source/PluginEditor.h; sourceTree = "SOURCE_ROOT"; };
		973487A732622A17113CBBD7 = {isa = PBXFileReference; lastKnownFileType = text.plist.xml; name = NewProject.entitlements; path = NewProject.entitlements; sourceTree = "SOURCE_ROOT"; };
		9EA393A00B4F2F27ACA8983A = {isa = PBXFileReference; lastKnownFileType = wrapper.framework; name = QuartzCore.framework; path = System/Library/Frameworks/QuartzCore.framework; sourceTree = SDKROOT; };
		9EE6E5E76917EED21B229C0D = {isa = PBXFileReference; lastKnownFileType = file; name = "juce_audio_utils"; path = "../../../../../../JUCE/modules/juce_audio_utils"; sourceTree = "SOURCE_ROOT"; };
		A7BE923D3A1ED60717D5855A = {isa = PBXFileReference; lastKnownFileType = file; name = "juce_gui_basics"; path = "../../../../../../JUCE/modules/juce_gui_basics"; sourceTree = "SOURCE_ROOT"; };
		AB396C9FE5B656B84FA00DA5 = {isa = PBXFileReference; lastKnownFileType = file; name = "juce_cryptography"; path = "../../../../../../JUCE/modules/juce_cryptography"; sourceTree = "SOURCE_ROOT"; };
		AE8E7038B2EC20B409DF4F5D = {isa = PBXFileReference; lastKnownFileType = text.plist.xml; name = "Info-VST.plist"; path = "Info-VST.plist"; sourceTree = "SOURCE_ROOT"; };
		AF09CBA8BBDD4DE401DA619B = {isa = PBXFileReference; lastKnownFileType = wrapper.framework; name = AudioUnit.framework; path = System/Library/Frameworks/AudioUnit.framework; sourceTree = SDKROOT; };
		AF85797C19E7AE6614647E6B = {isa = PBXFileReference; lastKnownFileType = file; name = "juce_data_structures"; path = "../../../../../../JUCE/modules/juce_data_structures"; sourceTree = "SOURCE_ROOT"; };
		AF9A068D05A737C32847F467 = {isa = PBXFileReference; lastKnownFileType = file.r; name = "include_juce_audio_plugin_client_AU.r"; path = "../../JuceLibraryCode/include_juce_audio_plugin_client_AU.r"; sourceTree = "SOURCE_ROOT"; };
		AFDE97D2DD0BC4FE69EC50E4 = {isa = PBXFileReference; lastKnownFileType = sourcecode.cpp.objcpp; name = "include_juce_audio_plugin_client_AU_1.mm"; path = "../../JuceLibraryCode/include_juce_audio_plugin_client_AU_1.mm"; sourceTree = "SOURCE_ROOT"; };
		B0F7B9A46D9F3A9FC85A30C5 = {isa = PBXFileReference; lastKnownFileType = sourcecode.cpp.objcpp; name = "include_juce_graphics.mm"; path = "../../JuceLibraryCode/include_juce_graphics.mm"; sourceTree = "SOURCE_ROOT"; };
		B9C649C821770A3198FE1D1D = {isa = PBXFileReference; lastKnownFileType = sourcecode.cpp.cpp; name = PluginEditor.cpp; path = ../../Source/PluginEditor.cpp; sourceTree = "SOURCE_ROOT"; };
		BD279F0CABE29C74BF5A44A4 = {isa = PBXFileReference; lastKnownFileType = wrapper.framework; name = Carbon.framework; path = System/Library/Frameworks/Carbon.framework; sourceTree = SDKROOT; };
		C7753DB97DEFBD7A907D9F61 = {isa = PBXFileReference; lastKnownFileType = sourcecode.cpp.objcpp; name = "include_juce_audio_formats.mm"; path = "../../JuceLibraryCode/include_juce_audio_formats.mm"; sourceTree = "SOURCE_ROOT"; };
		C8413BAA2B7AEFB63D94BD3F = {isa = PBXFileReference; lastKnownFileType = file; name = "juce_graphics"; path = "../../../../../../JUCE/modules/juce_graphics"; sourceTree = "SOURCE_ROOT"; };
		CD1BFDD5A73B6634C0A01435 = {isa = PBXFileReference; lastKnownFileType = sourcecode.cpp.objcpp; name = "include_juce_audio_devices.mm"; path = "../../JuceLibraryCode/include_juce_audio_devices.mm"; sourceTree = "SOURCE_ROOT"; };
		D208A994A273365369B23364 = {isa = PBXFileReference; lastKnownFileType = wrapper.framework; name = DiscRecording.framework; path = System/Library/Frameworks/DiscRecording.framework; sourceTree = SDKROOT; };
		E37606D00BB508565949550D = {isa = PBXFileReference; lastKnownFileType = file; name = "juce_video"; path = "../../../../../../JUCE/modules/juce_video"; sourceTree = "SOURCE_ROOT"; };
		EF656997D8AAC0BC6E3738E3 = {isa = PBXFileReference; explicitFileType = archive.ar; includeInIndex = 0; path = libNewProject.a; sourceTree = "BUILT_PRODUCTS_DIR"; };
		F1D9F2710D01266D7CB7EEF2 = {isa = PBXFileReference; lastKnownFileType = sourcecode.cpp.objcpp; name = "include_juce_audio_utils.mm"; path = "../../JuceLibraryCode/include_juce_audio_utils.mm"; sourceTree = "SOURCE_ROOT"; };
		F4827BBA0F22CDA5CDF29C94 = {isa = PBXFileReference; lastKnownFileType = wrapper.framework; name = CoreAudioKit.framework; path = System/Library/Frameworks/CoreAudioKit.framework; sourceTree = SDKROOT; };
		F643744CA329C6FA9B787D5C = {isa = PBXFileReference; lastKnownFileType = sourcecode.cpp.cpp; name = "include_juce_audio_plugin_client_VST2.cpp"; path = "../../JuceLibraryCode/include_juce_audio_plugin_client_VST2.cpp"; sourceTree = "SOURCE_ROOT"; };
		F897447BE53AE26E0CEF75AD = {isa = PBXFileReference; lastKnownFileType = file; name = "juce_audio_formats"; path = "../../../../../../JUCE/modules/juce_audio_formats"; sourceTree = "SOURCE_ROOT"; };
		F9DFAE53258AF4B643D3337D = {isa = PBXFileReference; lastKnownFileType = wrapper.framework; name = AudioToolbox.framework; path = System/Library/Frameworks/AudioToolbox.framework; sourceTree = SDKROOT; };
		FAD91B4224B0E95964667F7D = {isa = PBXFileReference; lastKnownFileType = file; name = "juce_opengl"; path = "../../../../../../JUCE/modules/juce_opengl"; sourceTree = "SOURCE_ROOT"; };
		FEFED32C590DDBFC26F697B8 = {isa = PBXFileReference; lastKnownFileType = sourcecode.cpp.cpp; name = PluginProcessor.cpp; path = ../../Source/PluginProcessor.cpp; sourceTree = "SOURCE_ROOT"; };
		FF9772B901B5057F078C2B9B = {isa = PBXFileReference; lastKnownFileType = file; name = "juce_core"; path = "../../../../../../JUCE/modules/juce_core"; sourceTree = "SOURCE_ROOT"; };
		3077C3F66E75C526C05E94F4 = {isa = PBXGroup; children = (
					FEFED32C590DDBFC26F697B8,
					659D9CF865DE1FE5B89D490D,
					B9C649C821770A3198FE1D1D,
					95CB77A7A8626E90307398DA, ); name = Source; sourceTree = "<group>"; };
		A3DFA7CBBF202883D1A9481F = {isa = PBXGroup; children = (
					3077C3F66E75C526C05E94F4, ); name = NewProject; sourceTree = "<group>"; };
		B7351AC9D7B7CB4B43FB3109 = {isa = PBXGroup; children = (
					129E642A06AC37D7624B8699,
					33047D40FEAD524F6825F68B,
					F897447BE53AE26E0CEF75AD,
					3A42AC3A56C43889508D4BE7,
					1BCC22F6137DB9BA54CE9CD9,
					9EE6E5E76917EED21B229C0D,
					FF9772B901B5057F078C2B9B,
					AB396C9FE5B656B84FA00DA5,
					AF85797C19E7AE6614647E6B,
					433DE0D931A2FF16D0EBDBDE,
					C8413BAA2B7AEFB63D94BD3F,
					A7BE923D3A1ED60717D5855A,
					4C88F6AF7E4ABB7A739DE78C,
					FAD91B4224B0E95964667F7D,
					E37606D00BB508565949550D, ); name = "JUCE Modules"; sourceTree = "<group>"; };
		683DE2DB92D7CC8AA547B393 = {isa = PBXGroup; children = (
					4870F3EAFE00FA37017D75DF,
					077D83C7B3C33CFA728E6242,
					CD1BFDD5A73B6634C0A01435,
					C7753DB97DEFBD7A907D9F61,
					AF9A068D05A737C32847F467,
					AFDE97D2DD0BC4FE69EC50E4,
					142423132F293132EF6C0FAC,
					859458D62AE2D1A125C8D917,
					3109AF6423923EB64F36F31F,
					74AC42DDB4C2CF8EF7B5A42A,
					F643744CA329C6FA9B787D5C,
					88B0C60362AEE57982260844,
					F1D9F2710D01266D7CB7EEF2,
					3C1502F4E0FA54AAD53E944A,
					1C68AE99F182CE840D119824,
					77F1844C54250D58AE4F595B,
					833D8B5A063F3ED9D12737E2,
					B0F7B9A46D9F3A9FC85A30C5,
					80976EDBA2C0EF1AFDF63973,
					622CD6EF5B9D2150DDE974C7,
					0AF674B7AADEFFC7A01466EF,
					91AD1CE4B3040349EBAD151D,
					80F859156125FA077B4911F8, ); name = "JUCE Library Code"; sourceTree = "<group>"; };
		E1AADAED0AC280E59227699C = {isa = PBXGroup; children = (
					AE8E7038B2EC20B409DF4F5D,
					21C1754E949888D2A9FB3110,
					2639D2D9B1DFDB17480D830C,
					14EFD6561089C57221E345F5, ); name = Resources; sourceTree = "<group>"; };
		DDC0DFDD39E955AF8FA37D5F = {isa = PBXGroup; children = (
					765B2CE0A2D55194C85116C6,
					F9DFAE53258AF4B643D3337D,
					AF09CBA8BBDD4DE401DA619B,
					36D1D4617487B57497D87F86,
					77B0FF429E301806BB2933BD,
					BD279F0CABE29C74BF5A44A4,
					7048F7E3C140337C4366E27E,
					934AFE779B76A330D00A945D,
					F4827BBA0F22CDA5CDF29C94,
					6301C951743B7409DE37B208,
					4BA05E468964E0DA919F1B7E,
					D208A994A273365369B23364,
					7EC3412AE3E5AD68D229ECA0,
					5B7AF68C700B14A51A86F490,
					9EA393A00B4F2F27ACA8983A,
					77A6D1968C60C359CBA9E5B7, ); name = Frameworks; sourceTree = "<group>"; };
		B475BE4A65D8F06885E61795 = {isa = PBXGroup; children = (
					3D73B6C4D36C7AAB906A84EC,
					0CA3F732CD22C4AFDF427410,
					8F7172FF5138293F3B6FA7D1,
					EF656997D8AAC0BC6E3738E3, ); name = Products; sourceTree = "<group>"; };
		ABC4AE14B3D0BDBF6D0E5196 = {isa = PBXGroup; children = (
					973487A732622A17113CBBD7,
					A3DFA7CBBF202883D1A9481F,
					B7351AC9D7B7CB4B43FB3109,
					683DE2DB92D7CC8AA547B393,
					E1AADAED0AC280E59227699C,
					DDC0DFDD39E955AF8FA37D5F,
					B475BE4A65D8F06885E61795, ); name = Source; sourceTree = "<group>"; };
		3D49F25A849605A58DA07587 = {isa = XCBuildConfiguration; buildSettings = {
				MACOSX_DEPLOYMENT_TARGET = 10.11; }; name = Debug; };
		2B51010450EFD7F7ECD488A9 = {isa = XCBuildConfiguration; buildSettings = {
				MACOSX_DEPLOYMENT_TARGET = 10.11; }; name = Release; };
		A140114AFC64357463162C01 = {isa = XCBuildConfiguration; buildSettings = {
				CLANG_CXX_LANGUAGE_STANDARD = "c++14";
				CLANG_CXX_LIBRARY = "libc++";
				CLANG_LINK_OBJC_RUNTIME = NO;
				COMBINE_HIDPI_IMAGES = YES;
				CONFIGURATION_BUILD_DIR = "$(PROJECT_DIR)/build/$(CONFIGURATION)";
				COPY_PHASE_STRIP = NO;
				DEPLOYMENT_LOCATION = YES;
				DSTROOT = /;
				GCC_DYNAMIC_NO_PIC = NO;
				GCC_OPTIMIZATION_LEVEL = 0;
				GCC_PREPROCESSOR_DEFINITIONS = (
					"_DEBUG=1",
					"DEBUG=1",
					"JUCER_XCODE_MAC_F6D2F4CF=1",
					"JUCE_APP_VERSION=1.0.0",
					"JUCE_APP_VERSION_HEX=0x10000",
					"JucePlugin_Build_VST=1",
					"JucePlugin_Build_VST3=0",
					"JucePlugin_Build_AU=0",
					"JucePlugin_Build_AUv3=0",
					"JucePlugin_Build_RTAS=0",
					"JucePlugin_Build_AAX=0",
					"JucePlugin_Build_Standalone=0", );
				GCC_VERSION = com.apple.compilers.llvm.clang.1_0;
				GENERATE_PKGINFO_FILE = YES;
				HEADER_SEARCH_PATHS = ("../../JuceLibraryCode", "../../../../../../JUCE/modules", "../../../../../../JUCE/modules/juce_audio_plugin_client", "$(inherited)");
				INFOPLIST_FILE = Info-VST.plist;
				INFOPLIST_PREPROCESS = NO;
				INSTALL_PATH = "$(HOME)/Library/Audio/Plug-Ins/VST/";
				LIBRARY_STYLE = Bundle;
				MACOSX_DEPLOYMENT_TARGET = 10.11;
				MACOSX_DEPLOYMENT_TARGET_ppc = 10.4;
				OTHER_LDFLAGS = "-bundle -lNewProject";
				PRODUCT_BUNDLE_IDENTIFIER = com.yourcompany.NewProject;
				SDKROOT_ppc = macosx10.5;
				USE_HEADERMAP = NO;
				WRAPPER_EXTENSION = vst; }; name = Debug; };
		AEF63FCD2E27DF940066513D = {isa = XCBuildConfiguration; buildSettings = {
				CLANG_CXX_LANGUAGE_STANDARD = "c++14";
				CLANG_CXX_LIBRARY = "libc++";
				CLANG_LINK_OBJC_RUNTIME = NO;
				COMBINE_HIDPI_IMAGES = YES;
				CONFIGURATION_BUILD_DIR = "$(PROJECT_DIR)/build/$(CONFIGURATION)";
				DEAD_CODE_STRIPPING = YES;
				DEPLOYMENT_LOCATION = YES;
				DSTROOT = /;
				GCC_GENERATE_DEBUGGING_SYMBOLS = NO;
				GCC_OPTIMIZATION_LEVEL = 3;
				GCC_PREPROCESSOR_DEFINITIONS = (
					"_NDEBUG=1",
					"NDEBUG=1",
					"JUCER_XCODE_MAC_F6D2F4CF=1",
					"JUCE_APP_VERSION=1.0.0",
					"JUCE_APP_VERSION_HEX=0x10000",
					"JucePlugin_Build_VST=1",
					"JucePlugin_Build_VST3=0",
					"JucePlugin_Build_AU=0",
					"JucePlugin_Build_AUv3=0",
					"JucePlugin_Build_RTAS=0",
					"JucePlugin_Build_AAX=0",
					"JucePlugin_Build_Standalone=0", );
				GCC_SYMBOLS_PRIVATE_EXTERN = YES;
				GCC_VERSION = com.apple.compilers.llvm.clang.1_0;
				GENERATE_PKGINFO_FILE = YES;
				HEADER_SEARCH_PATHS = ("../../JuceLibraryCode", "../../../../../../JUCE/modules", "../../../../../../JUCE/modules/juce_audio_plugin_client", "$(inherited)");
				INFOPLIST_FILE = Info-VST.plist;
				INFOPLIST_PREPROCESS = NO;
				INSTALL_PATH = "$(HOME)/Library/Audio/Plug-Ins/VST/";
				LIBRARY_STYLE = Bundle;
				LLVM_LTO = YES;
				MACOSX_DEPLOYMENT_TARGET = 10.11;
				MACOSX_DEPLOYMENT_TARGET_ppc = 10.4;
				OTHER_LDFLAGS = "-bundle -lNewProject";
				PRODUCT_BUNDLE_IDENTIFIER = com.yourcompany.NewProject;
				SDKROOT_ppc = macosx10.5;
				USE_HEADERMAP = NO;
				WRAPPER_EXTENSION = vst; }; name = Release; };
		D82C9F3A9B8FD60A6B3C450C = {isa = XCBuildConfiguration; buildSettings = {
				CLANG_CXX_LANGUAGE_STANDARD = "c++14";
				CLANG_CXX_LIBRARY = "libc++";
				CLANG_LINK_OBJC_RUNTIME = NO;
				COMBINE_HIDPI_IMAGES = YES;
				CONFIGURATION_BUILD_DIR = "$(PROJECT_DIR)/build/$(CONFIGURATION)";
				COPY_PHASE_STRIP = NO;
				DEPLOYMENT_LOCATION = YES;
				DSTROOT = /;
				GCC_DYNAMIC_NO_PIC = NO;
				GCC_OPTIMIZATION_LEVEL = 0;
				GCC_PREPROCESSOR_DEFINITIONS = (
					"_DEBUG=1",
					"DEBUG=1",
					"JUCER_XCODE_MAC_F6D2F4CF=1",
					"JUCE_APP_VERSION=1.0.0",
					"JUCE_APP_VERSION_HEX=0x10000",
					"JucePlugin_Build_VST=0",
					"JucePlugin_Build_VST3=0",
					"JucePlugin_Build_AU=1",
					"JucePlugin_Build_AUv3=0",
					"JucePlugin_Build_RTAS=0",
					"JucePlugin_Build_AAX=0",
					"JucePlugin_Build_Standalone=0", );
				GCC_VERSION = com.apple.compilers.llvm.clang.1_0;
				GENERATE_PKGINFO_FILE = YES;
				HEADER_SEARCH_PATHS = ("../../JuceLibraryCode", "../../../../../../JUCE/modules", "../../../../../../JUCE/modules/juce_audio_plugin_client", "$(inherited)");
				INFOPLIST_FILE = Info-AU.plist;
				INFOPLIST_PREPROCESS = NO;
				INSTALL_PATH = "$(HOME)/Library/Audio/Plug-Ins/Components/";
				LIBRARY_STYLE = Bundle;
				MACOSX_DEPLOYMENT_TARGET = 10.11;
				MACOSX_DEPLOYMENT_TARGET_ppc = 10.4;
				OTHER_LDFLAGS = "-bundle -lNewProject";
				OTHER_REZFLAGS = "-d ppc_$ppc -d i386_$i386 -d ppc64_$ppc64 -d x86_64_$x86_64 -I /System/Library/Frameworks/CoreServices.framework/Frameworks/CarbonCore.framework/Versions/A/Headers -I \"$(DEVELOPER_DIR)/Extras/CoreAudio/AudioUnits/AUPublic/AUBase\"";
				PRODUCT_BUNDLE_IDENTIFIER = com.yourcompany.NewProject;
				SDKROOT_ppc = macosx10.5;
				USE_HEADERMAP = NO;
				WRAPPER_EXTENSION = component; }; name = Debug; };
		FB63960DC5EABD4AB28C5CFF = {isa = XCBuildConfiguration; buildSettings = {
				CLANG_CXX_LANGUAGE_STANDARD = "c++14";
				CLANG_CXX_LIBRARY = "libc++";
				CLANG_LINK_OBJC_RUNTIME = NO;
				COMBINE_HIDPI_IMAGES = YES;
				CONFIGURATION_BUILD_DIR = "$(PROJECT_DIR)/build/$(CONFIGURATION)";
				DEAD_CODE_STRIPPING = YES;
				DEPLOYMENT_LOCATION = YES;
				DSTROOT = /;
				GCC_GENERATE_DEBUGGING_SYMBOLS = NO;
				GCC_OPTIMIZATION_LEVEL = 3;
				GCC_PREPROCESSOR_DEFINITIONS = (
					"_NDEBUG=1",
					"NDEBUG=1",
					"JUCER_XCODE_MAC_F6D2F4CF=1",
					"JUCE_APP_VERSION=1.0.0",
					"JUCE_APP_VERSION_HEX=0x10000",
					"JucePlugin_Build_VST=0",
					"JucePlugin_Build_VST3=0",
					"JucePlugin_Build_AU=1",
					"JucePlugin_Build_AUv3=0",
					"JucePlugin_Build_RTAS=0",
					"JucePlugin_Build_AAX=0",
					"JucePlugin_Build_Standalone=0", );
				GCC_SYMBOLS_PRIVATE_EXTERN = YES;
				GCC_VERSION = com.apple.compilers.llvm.clang.1_0;
				GENERATE_PKGINFO_FILE = YES;
				HEADER_SEARCH_PATHS = ("../../JuceLibraryCode", "../../../../../../JUCE/modules", "../../../../../../JUCE/modules/juce_audio_plugin_client", "$(inherited)");
				INFOPLIST_FILE = Info-AU.plist;
				INFOPLIST_PREPROCESS = NO;
				INSTALL_PATH = "$(HOME)/Library/Audio/Plug-Ins/Components/";
				LIBRARY_STYLE = Bundle;
				LLVM_LTO = YES;
				MACOSX_DEPLOYMENT_TARGET = 10.11;
				MACOSX_DEPLOYMENT_TARGET_ppc = 10.4;
				OTHER_LDFLAGS = "-bundle -lNewProject";
				OTHER_REZFLAGS = "-d ppc_$ppc -d i386_$i386 -d ppc64_$ppc64 -d x86_64_$x86_64 -I /System/Library/Frameworks/CoreServices.framework/Frameworks/CarbonCore.framework/Versions/A/Headers -I \"$(DEVELOPER_DIR)/Extras/CoreAudio/AudioUnits/AUPublic/AUBase\"";
				PRODUCT_BUNDLE_IDENTIFIER = com.yourcompany.NewProject;
				SDKROOT_ppc = macosx10.5;
				USE_HEADERMAP = NO;
				WRAPPER_EXTENSION = component; }; name = Release; };
		D26D3D4089E2E5164CC60728 = {isa = XCBuildConfiguration; buildSettings = {
				CLANG_CXX_LANGUAGE_STANDARD = "c++14";
				CLANG_CXX_LIBRARY = "libc++";
				CLANG_LINK_OBJC_RUNTIME = NO;
				COMBINE_HIDPI_IMAGES = YES;
				CONFIGURATION_BUILD_DIR = "$(PROJECT_DIR)/build/$(CONFIGURATION)";
				COPY_PHASE_STRIP = NO;
				GCC_DYNAMIC_NO_PIC = NO;
				GCC_OPTIMIZATION_LEVEL = 0;
				GCC_PREPROCESSOR_DEFINITIONS = (
					"_DEBUG=1",
					"DEBUG=1",
					"JUCER_XCODE_MAC_F6D2F4CF=1",
					"JUCE_APP_VERSION=1.0.0",
					"JUCE_APP_VERSION_HEX=0x10000",
					"JucePlugin_Build_VST=0",
					"JucePlugin_Build_VST3=0",
					"JucePlugin_Build_AU=0",
					"JucePlugin_Build_AUv3=0",
					"JucePlugin_Build_RTAS=0",
					"JucePlugin_Build_AAX=0",
					"JucePlugin_Build_Standalone=1", );
				GCC_VERSION = com.apple.compilers.llvm.clang.1_0;
				HEADER_SEARCH_PATHS = ("../../JuceLibraryCode", "../../../../../../JUCE/modules", "../../../../../../JUCE/modules/juce_audio_plugin_client", "$(inherited)");
				INFOPLIST_FILE = Info-Standalone_Plugin.plist;
				INFOPLIST_PREPROCESS = NO;
				MACOSX_DEPLOYMENT_TARGET = 10.11;
				MACOSX_DEPLOYMENT_TARGET_ppc = 10.4;
				OTHER_LDFLAGS = "-lNewProject";
				PRODUCT_BUNDLE_IDENTIFIER = com.yourcompany.NewProject;
				SDKROOT_ppc = macosx10.5;
				USE_HEADERMAP = NO; }; name = Debug; };
		5BBDC5C31CCCEFF69CB9D7FB = {isa = XCBuildConfiguration; buildSettings = {
				CLANG_CXX_LANGUAGE_STANDARD = "c++14";
				CLANG_CXX_LIBRARY = "libc++";
				CLANG_LINK_OBJC_RUNTIME = NO;
				COMBINE_HIDPI_IMAGES = YES;
				CONFIGURATION_BUILD_DIR = "$(PROJECT_DIR)/build/$(CONFIGURATION)";
				DEAD_CODE_STRIPPING = YES;
				GCC_GENERATE_DEBUGGING_SYMBOLS = NO;
				GCC_OPTIMIZATION_LEVEL = 3;
				GCC_PREPROCESSOR_DEFINITIONS = (
					"_NDEBUG=1",
					"NDEBUG=1",
					"JUCER_XCODE_MAC_F6D2F4CF=1",
					"JUCE_APP_VERSION=1.0.0",
					"JUCE_APP_VERSION_HEX=0x10000",
					"JucePlugin_Build_VST=0",
					"JucePlugin_Build_VST3=0",
					"JucePlugin_Build_AU=0",
					"JucePlugin_Build_AUv3=0",
					"JucePlugin_Build_RTAS=0",
					"JucePlugin_Build_AAX=0",
					"JucePlugin_Build_Standalone=1", );
				GCC_SYMBOLS_PRIVATE_EXTERN = YES;
				GCC_VERSION = com.apple.compilers.llvm.clang.1_0;
				HEADER_SEARCH_PATHS = ("../../JuceLibraryCode", "../../../../../../JUCE/modules", "../../../../../../JUCE/modules/juce_audio_plugin_client", "$(inherited)");
				INFOPLIST_FILE = Info-Standalone_Plugin.plist;
				INFOPLIST_PREPROCESS = NO;
				LLVM_LTO = YES;
				MACOSX_DEPLOYMENT_TARGET = 10.11;
				MACOSX_DEPLOYMENT_TARGET_ppc = 10.4;
				OTHER_LDFLAGS = "-lNewProject";
				PRODUCT_BUNDLE_IDENTIFIER = com.yourcompany.NewProject;
				SDKROOT_ppc = macosx10.5;
				USE_HEADERMAP = NO; }; name = Release; };
		74B3393DC22C7A626ED2151B = {isa = XCBuildConfiguration; buildSettings = {
				CLANG_CXX_LANGUAGE_STANDARD = "c++14";
				CLANG_CXX_LIBRARY = "libc++";
				CLANG_LINK_OBJC_RUNTIME = NO;
				COMBINE_HIDPI_IMAGES = YES;
				CONFIGURATION_BUILD_DIR = "$(PROJECT_DIR)/build/$(CONFIGURATION)";
				COPY_PHASE_STRIP = NO;
				GCC_DYNAMIC_NO_PIC = NO;
				GCC_OPTIMIZATION_LEVEL = 0;
				GCC_PREPROCESSOR_DEFINITIONS = (
					"_DEBUG=1",
					"DEBUG=1",
					"JUCER_XCODE_MAC_F6D2F4CF=1",
					"JUCE_APP_VERSION=1.0.0",
					"JUCE_APP_VERSION_HEX=0x10000",
					"JucePlugin_Build_VST=1",
					"JucePlugin_Build_VST3=0",
					"JucePlugin_Build_AU=1",
					"JucePlugin_Build_AUv3=0",
					"JucePlugin_Build_RTAS=0",
					"JucePlugin_Build_AAX=0",
					"JucePlugin_Build_Standalone=1",
					"JUCE_SHARED_CODE=1", );
				GCC_VERSION = com.apple.compilers.llvm.clang.1_0;
				HEADER_SEARCH_PATHS = ("../../JuceLibraryCode", "../../../../../../JUCE/modules", "../../../../../../JUCE/modules/juce_audio_plugin_client", "$(inherited)");
				INSTALL_PATH = "@executable_path/../Frameworks";
				MACOSX_DEPLOYMENT_TARGET = 10.11;
				MACOSX_DEPLOYMENT_TARGET_ppc = 10.4;
				PRODUCT_BUNDLE_IDENTIFIER = com.yourcompany.NewProject;
				SDKROOT_ppc = macosx10.5;
				USE_HEADERMAP = NO; }; name = Debug; };
		14CDD84F74C4D3470E34DF59 = {isa = XCBuildConfiguration; buildSettings = {
				CLANG_CXX_LANGUAGE_STANDARD = "c++14";
				CLANG_CXX_LIBRARY = "libc++";
				CLANG_LINK_OBJC_RUNTIME = NO;
				COMBINE_HIDPI_IMAGES = YES;
				CONFIGURATION_BUILD_DIR = "$(PROJECT_DIR)/build/$(CONFIGURATION)";
				DEAD_CODE_STRIPPING = YES;
				GCC_GENERATE_DEBUGGING_SYMBOLS = NO;
				GCC_OPTIMIZATION_LEVEL = 3;
				GCC_PREPROCESSOR_DEFINITIONS = (
					"_NDEBUG=1",
					"NDEBUG=1",
					"JUCER_XCODE_MAC_F6D2F4CF=1",
					"JUCE_APP_VERSION=1.0.0",
					"JUCE_APP_VERSION_HEX=0x10000",
					"JucePlugin_Build_VST=1",
					"JucePlugin_Build_VST3=0",
					"JucePlugin_Build_AU=1",
					"JucePlugin_Build_AUv3=0",
					"JucePlugin_Build_RTAS=0",
					"JucePlugin_Build_AAX=0",
					"JucePlugin_Build_Standalone=1",
					"JUCE_SHARED_CODE=1", );
				GCC_SYMBOLS_PRIVATE_EXTERN = YES;
				GCC_VERSION = com.apple.compilers.llvm.clang.1_0;
				HEADER_SEARCH_PATHS = ("../../JuceLibraryCode", "../../../../../../JUCE/modules", "../../../../../../JUCE/modules/juce_audio_plugin_client", "$(inherited)");
				INSTALL_PATH = "@executable_path/../Frameworks";
				LLVM_LTO = YES;
				MACOSX_DEPLOYMENT_TARGET = 10.11;
				MACOSX_DEPLOYMENT_TARGET_ppc = 10.4;
				PRODUCT_BUNDLE_IDENTIFIER = com.yourcompany.NewProject;
				SDKROOT_ppc = macosx10.5;
				USE_HEADERMAP = NO; }; name = Release; };
		7B4C3E90490D655885F5B6A5 = {isa = XCBuildConfiguration; buildSettings = {
				ALWAYS_SEARCH_USER_PATHS = NO;
				CLANG_WARN_BLOCK_CAPTURE_AUTORELEASING = YES;
				CLANG_WARN_BOOL_CONVERSION = YES;
				CLANG_WARN_COMMA = YES;
				CLANG_WARN_CONSTANT_CONVERSION = YES;
				CLANG_WARN_EMPTY_BODY = YES;
				CLANG_WARN_ENUM_CONVERSION = YES;
				CLANG_WARN_INFINITE_RECURSION = YES;
				CLANG_WARN_INT_CONVERSION = YES;
				CLANG_WARN_NON_LITERAL_NULL_CONVERSION = YES;
				CLANG_WARN_OBJC_LITERAL_CONVERSION = YES;
				CLANG_WARN_RANGE_LOOP_ANALYSIS = YES;
				CLANG_WARN_STRICT_PROTOTYPES = YES;
				CLANG_WARN_SUSPICIOUS_MOVE = YES;
				CLANG_WARN_UNREACHABLE_CODE = YES;
				CLANG_WARN__DUPLICATE_METHOD_MATCH = YES;
				DEBUG_INFORMATION_FORMAT = "dwarf";
				ENABLE_STRICT_OBJC_MSGSEND = YES;
				ENABLE_TESTABILITY = YES;
				GCC_C_LANGUAGE_STANDARD = c11;
				GCC_INLINES_ARE_PRIVATE_EXTERN = YES;
				GCC_MODEL_TUNING = G5;
				GCC_NO_COMMON_BLOCKS = YES;
				GCC_WARN_64_TO_32_BIT_CONVERSION = YES;
				GCC_WARN_ABOUT_RETURN_TYPE = YES;
				GCC_WARN_CHECK_SWITCH_STATEMENTS = YES;
				GCC_WARN_MISSING_PARENTHESES = YES;
				GCC_WARN_NON_VIRTUAL_DESTRUCTOR = YES;
				GCC_WARN_TYPECHECK_CALLS_TO_PRINTF = YES;
				GCC_WARN_UNDECLARED_SELECTOR = YES;
				GCC_WARN_UNINITIALIZED_AUTOS = YES;
				GCC_WARN_UNUSED_FUNCTION = YES;
				GCC_WARN_UNUSED_VARIABLE = YES;
				ONLY_ACTIVE_ARCH = YES;
				PRODUCT_NAME = "NewProject";
				WARNING_CFLAGS = -Wreorder;
				ZERO_LINK = NO; }; name = Debug; };
		240A0F56BFAA7A4965FD34A8 = {isa = XCBuildConfiguration; buildSettings = {
				ALWAYS_SEARCH_USER_PATHS = NO;
				CLANG_WARN_BLOCK_CAPTURE_AUTORELEASING = YES;
				CLANG_WARN_BOOL_CONVERSION = YES;
				CLANG_WARN_COMMA = YES;
				CLANG_WARN_CONSTANT_CONVERSION = YES;
				CLANG_WARN_EMPTY_BODY = YES;
				CLANG_WARN_ENUM_CONVERSION = YES;
				CLANG_WARN_INFINITE_RECURSION = YES;
				CLANG_WARN_INT_CONVERSION = YES;
				CLANG_WARN_NON_LITERAL_NULL_CONVERSION = YES;
				CLANG_WARN_OBJC_LITERAL_CONVERSION = YES;
				CLANG_WARN_RANGE_LOOP_ANALYSIS = YES;
				CLANG_WARN_STRICT_PROTOTYPES = YES;
				CLANG_WARN_SUSPICIOUS_MOVE = YES;
				CLANG_WARN_UNREACHABLE_CODE = YES;
				CLANG_WARN__DUPLICATE_METHOD_MATCH = YES;
				DEBUG_INFORMATION_FORMAT = "dwarf";
				ENABLE_STRICT_OBJC_MSGSEND = YES;
				GCC_C_LANGUAGE_STANDARD = c11;
				GCC_INLINES_ARE_PRIVATE_EXTERN = YES;
				GCC_MODEL_TUNING = G5;
				GCC_NO_COMMON_BLOCKS = YES;
				GCC_WARN_64_TO_32_BIT_CONVERSION = YES;
				GCC_WARN_ABOUT_RETURN_TYPE = YES;
				GCC_WARN_CHECK_SWITCH_STATEMENTS = YES;
				GCC_WARN_MISSING_PARENTHESES = YES;
				GCC_WARN_NON_VIRTUAL_DESTRUCTOR = YES;
				GCC_WARN_TYPECHECK_CALLS_TO_PRINTF = YES;
				GCC_WARN_UNDECLARED_SELECTOR = YES;
				GCC_WARN_UNINITIALIZED_AUTOS = YES;
				GCC_WARN_UNUSED_FUNCTION = YES;
				GCC_WARN_UNUSED_VARIABLE = YES;
				PRODUCT_NAME = "NewProject";
				WARNING_CFLAGS = -Wreorder;
				ZERO_LINK = NO; }; name = Release; };
		75B6860FDFEC6C81B58E7A78 = {isa = PBXTargetDependency; target = 4E16E15465760280E95D9D08; };
		364A4F14D90C0D2CFDA08855 = {isa = PBXTargetDependency; target = 6CE14B779A3060EC1ADFF5CA; };
		7A19E4EAF24292660ED88BA5 = {isa = PBXTargetDependency; target = 5E769FD4917077EBAAB260E4; };
		D67731AD3EB6A19C8696824A = {isa = PBXTargetDependency; target = 10637CD478B59A8CACAFC449; };
		5F43BA891CFCC3358672986B = {isa = XCConfigurationList; buildConfigurations = (
					7B4C3E90490D655885F5B6A5,
					240A0F56BFAA7A4965FD34A8, ); defaultConfigurationIsVisible = 0; defaultConfigurationName = Debug; };
		8919DD156683D47761073D60 = {isa = XCConfigurationList; buildConfigurations = (
					3D49F25A849605A58DA07587,
					2B51010450EFD7F7ECD488A9, ); defaultConfigurationIsVisible = 0; defaultConfigurationName = Debug; };
		0E322AEC46CDF7804BF18993 = {isa = PBXAggregateTarget; buildConfigurationList = 8919DD156683D47761073D60; buildPhases = (  ); buildRules = ( ); dependencies = (
					75B6860FDFEC6C81B58E7A78,
					364A4F14D90C0D2CFDA08855,
					7A19E4EAF24292660ED88BA5,
					D67731AD3EB6A19C8696824A, ); name = "NewProject - All"; productName = NewProject; };
		EE823547B7585D3A1DDF5916 = {isa = XCConfigurationList; buildConfigurations = (
					A140114AFC64357463162C01,
					AEF63FCD2E27DF940066513D, ); defaultConfigurationIsVisible = 0; defaultConfigurationName = Debug; };
		6C63685336756D4772A76D2D = {isa = PBXResourcesBuildPhase; buildActionMask = 2147483647; files = (
					2F33821B7041BFD9FAC7A903, ); runOnlyForDeploymentPostprocessing = 0; };
		E5513D3DEE5A19C5D1D72B70 = {isa = PBXSourcesBuildPhase; buildActionMask = 2147483647; files = (
					F614E42C79A86D23B2AAE19A, ); runOnlyForDeploymentPostprocessing = 0; };
		EE718BCFF516CB80C3B3CF96 = {isa = PBXFrameworksBuildPhase; buildActionMask = 2147483647; files = (
					3EFDCF63CE45A20C1DFE71A0,
					EA4C6184E0211A8DFF214C75,
					F23CF7403D613E81F7342323,
					3E61CD759733313A61E0C2B1,
					324755AA373CCB03E8A7CCDE,
					44870973D596460731604921,
					E801F89589AD41881C9D72FD,
					47E941BE273BE92DEFD00301,
					6CBD6D787C9C97F1364B4C40,
					4E7CBFEEAC77C48B34914413,
					A6DC16A97C0270DBF0897348,
					1429B48461E5AF52FBC133CC,
					D17A802778E611D8ADB7D931,
					F5755B3C05D86CC6F9F404AB, ); runOnlyForDeploymentPostprocessing = 0; };
		4E16E15465760280E95D9D08 = {isa = PBXNativeTarget; buildConfigurationList = EE823547B7585D3A1DDF5916; buildPhases = (
					6C63685336756D4772A76D2D,
					E5513D3DEE5A19C5D1D72B70,
					EE718BCFF516CB80C3B3CF96, ); buildRules = ( ); dependencies = (
					D67731AD3EB6A19C8696824A, ); name = "NewProject - VST"; productName = NewProject; productReference = 3D73B6C4D36C7AAB906A84EC; productType = "com.apple.product-type.bundle"; };
		CF231EE164EF6A0AB2E5B8BB = {isa = XCConfigurationList; buildConfigurations = (
					D82C9F3A9B8FD60A6B3C450C,
					FB63960DC5EABD4AB28C5CFF, ); defaultConfigurationIsVisible = 0; defaultConfigurationName = Debug; };
		6F12767BCC68E95E4335A647 = {isa = PBXResourcesBuildPhase; buildActionMask = 2147483647; files = (
					2F33821B7041BFD9FAC7A903, ); runOnlyForDeploymentPostprocessing = 0; };
		DFB4CF645DD92F25D4961648 = {isa = PBXRezBuildPhase; buildActionMask = 2147483647; files = (
					82E7E946240F8F692778F528, ); runOnlyForDeploymentPostprocessing = 0; };
		8FC05CC1EFDAD51B22760CC1 = {isa = PBXSourcesBuildPhase; buildActionMask = 2147483647; files = (
					ED810958D9BF7D3A2E4B4F5D,
					FB3834C2CF8C3927D51633AC, ); runOnlyForDeploymentPostprocessing = 0; };
		9E67C6693564DA85467193A5 = {isa = PBXFrameworksBuildPhase; buildActionMask = 2147483647; files = (
					3EFDCF63CE45A20C1DFE71A0,
					EA4C6184E0211A8DFF214C75,
					4CB7238232E09FB03E24A85A,
					F23CF7403D613E81F7342323,
					3E61CD759733313A61E0C2B1,
					324755AA373CCB03E8A7CCDE,
					44870973D596460731604921,
					E801F89589AD41881C9D72FD,
					558189484A0BD54ADE8C695B,
					47E941BE273BE92DEFD00301,
					6CBD6D787C9C97F1364B4C40,
					4E7CBFEEAC77C48B34914413,
					A6DC16A97C0270DBF0897348,
					1429B48461E5AF52FBC133CC,
					D17A802778E611D8ADB7D931,
					F5755B3C05D86CC6F9F404AB, ); runOnlyForDeploymentPostprocessing = 0; };
		6CE14B779A3060EC1ADFF5CA = {isa = PBXNativeTarget; buildConfigurationList = CF231EE164EF6A0AB2E5B8BB; buildPhases = (
					6F12767BCC68E95E4335A647,
					DFB4CF645DD92F25D4961648,
					8FC05CC1EFDAD51B22760CC1,
					9E67C6693564DA85467193A5, ); buildRules = ( ); dependencies = (
					D67731AD3EB6A19C8696824A, ); name = "NewProject - AU"; productName = NewProject; productReference = 0CA3F732CD22C4AFDF427410; productType = "com.apple.product-type.bundle"; };
		6E32FA62871A25AAD80EF798 = {isa = XCConfigurationList; buildConfigurations = (
					D26D3D4089E2E5164CC60728,
					5BBDC5C31CCCEFF69CB9D7FB, ); defaultConfigurationIsVisible = 0; defaultConfigurationName = Debug; };
		60617CC26861107E5EBEF298 = {isa = PBXResourcesBuildPhase; buildActionMask = 2147483647; files = (
					2F33821B7041BFD9FAC7A903, ); runOnlyForDeploymentPostprocessing = 0; };
		4FDD7EB74A2248DFB5006C91 = {isa = PBXSourcesBuildPhase; buildActionMask = 2147483647; files = (
					3B6645DA7C6E26F180B8FC38, ); runOnlyForDeploymentPostprocessing = 0; };
		F43F1F1C90B0A7CB8B417514 = {isa = PBXFrameworksBuildPhase; buildActionMask = 2147483647; files = (
					3EFDCF63CE45A20C1DFE71A0,
					EA4C6184E0211A8DFF214C75,
					F23CF7403D613E81F7342323,
					3E61CD759733313A61E0C2B1,
					324755AA373CCB03E8A7CCDE,
					44870973D596460731604921,
					E801F89589AD41881C9D72FD,
					47E941BE273BE92DEFD00301,
					6CBD6D787C9C97F1364B4C40,
					4E7CBFEEAC77C48B34914413,
					A6DC16A97C0270DBF0897348,
					1429B48461E5AF52FBC133CC,
					D17A802778E611D8ADB7D931,
					F5755B3C05D86CC6F9F404AB, ); runOnlyForDeploymentPostprocessing = 0; };
		5E769FD4917077EBAAB260E4 = {isa = PBXNativeTarget; buildConfigurationList = 6E32FA62871A25AAD80EF798; buildPhases = (
					60617CC26861107E5EBEF298,
					4FDD7EB74A2248DFB5006C91,
					F43F1F1C90B0A7CB8B417514, ); buildRules = ( ); dependencies = (
					D67731AD3EB6A19C8696824A, ); name = "NewProject - Standalone Plugin"; productName = NewProject; productReference = 8F7172FF5138293F3B6FA7D1; productType = "com.apple.product-type.application"; };
		54655F61213A421724913745 = {isa = XCConfigurationList; buildConfigurations = (
					74B3393DC22C7A626ED2151B,
					14CDD84F74C4D3470E34DF59, ); defaultConfigurationIsVisible = 0; defaultConfigurationName = Debug; };
		72C0EE2A9528419A8654B986 = {isa = PBXSourcesBuildPhase; buildActionMask = 2147483647; files = (
					EEEE73C6779A759605E88DEC,
					5212BB74B99E6D97ABEB033E,
					644F4877043975CD4AB0FA08,
					BC5D5E1044AD05972E9F9C84,
					297DAF882DB573392A406FD4,
					8929C657C7CEB09980B9E681,
					98F3F21A8EAB7BD83D0CAA05,
					55AFCD12AFBDA5094BB0F71F,
					67916025A7B7B9FB52EC0017,
					F07665FF52B104B64D20A889,
					7F2BC3C9E371DF3B50D0BC8D,
					4F19F10440F35F4D34A2CEC8,
					6BBFB6EDE379320B4DDC1379,
					00C09185F739FB6EFA3F417F,
					C22E47ED0B978E96CBB8DC7A,
					63604EFF1A82A9AB0FD5613B,
					F82342F6D1DEC9B25C3CC9F8,
					5357FDF4DAC2109100A9DDBD, ); runOnlyForDeploymentPostprocessing = 0; };
		10637CD478B59A8CACAFC449 = {isa = PBXNativeTarget; buildConfigurationList = 54655F61213A421724913745; buildPhases = (
					72C0EE2A9528419A8654B986, ); buildRules = ( ); dependencies = (  ); name = "NewProject - Shared Code"; productName = NewProject; productReference = EF656997D8AAC0BC6E3738E3; productType = "com.apple.product-type.library.static"; };
		035EB88D0BC61344ADAD5E5E = {isa = PBXProject; buildConfigurationList = 5F43BA891CFCC3358672986B; attributes = { LastUpgradeCheck = 0930; ORGANIZATIONNAME = ""; TargetAttributes = { 0E322AEC46CDF7804BF18993 = { SystemCapabilities = {com.apple.ApplicationGroups.iOS = { enabled = 0; }; com.apple.InAppPurchase = { enabled = 0; }; com.apple.InterAppAudio = { enabled = 0; }; com.apple.Push = { enabled = 0; }; com.apple.Sandbox = { enabled = 0; }; }; };4E16E15465760280E95D9D08 = { SystemCapabilities = {com.apple.ApplicationGroups.iOS = { enabled = 0; }; com.apple.InAppPurchase = { enabled = 0; }; com.apple.InterAppAudio = { enabled = 0; }; com.apple.Push = { enabled = 0; }; com.apple.Sandbox = { enabled = 0; }; }; };6CE14B779A3060EC1ADFF5CA = { SystemCapabilities = {com.apple.ApplicationGroups.iOS = { enabled = 0; }; com.apple.InAppPurchase = { enabled = 0; }; com.apple.InterAppAudio = { enabled = 0; }; com.apple.Push = { enabled = 0; }; com.apple.Sandbox = { enabled = 0; }; }; };5E769FD4917077EBAAB260E4 = { SystemCapabilities = {com.apple.ApplicationGroups.iOS = { enabled = 0; }; com.apple.InAppPurchase = { enabled = 0; }; com.apple.InterAppAudio = { enabled = 0; }; com.apple.Push = { enabled = 0; }; com.apple.Sandbox = { enabled = 0; }; }; };10637CD478B59A8CACAFC449 = { SystemCapabilities = {com.apple.ApplicationGroups.iOS = { enabled = 0; }; com.apple.InAppPurchase = { enabled = 0; }; com.apple.InterAppAudio = { enabled = 0; }; com.apple.Push = { enabled = 0; }; com.apple.Sandbox = { enabled = 0; }; }; }; }; }; compatibilityVersion = "Xcode 3.2"; hasScannedForEncodings = 0; mainGroup = ABC4AE14B3D0BDBF6D0E5196; projectDirPath = ""; projectRoot = ""; targets = (0E322AEC46CDF7804BF18993, 4E16E15465760280E95D9D08, 6CE14B779A3060EC1ADFF5CA, 5E769FD4917077EBAAB260E4, 10637CD478B59A8CACAFC449); };
	};
	rootObject = 035EB88D0BC61344ADAD5E5E;
}
