// !$*UTF8*$!
{
	archiveVersion = 1;
	classes = {
	};
	objectVersion = 46;
	objects = {

		58D30A8A745ED4974944D983 = {isa = PBXBuildFile; fileRef = A79CF88F96EB346F253C3D6D; };
		175B33CD87C10E65C2B457CC = {isa = PBXBuildFile; fileRef = D34E9263D5B36562C684E1BD; };
		AE0CC1EEAF1E7ACF406BEC8A = {isa = PBXBuildFile; fileRef = EA32AA46FDFCE5E98A981833; };
		117DA5AC1CF42A6963F300D8 = {isa = PBXBuildFile; fileRef = BE74509DBF2A5B4F8EA6C162; };
		50A1ABA80E55303C76D57457 = {isa = PBXBuildFile; fileRef = C7CD5C19A003A5E0E5042212; };
		43C6D4934FF360F2D2332325 = {isa = PBXBuildFile; fileRef = 787F00903DBF416A7F073233; };
		DC7AEC6FEBB3A25C989549FF = {isa = PBXBuildFile; fileRef = E956E63A7FA5AEF8D9E71A85; };
		1610017403905DC94CE3ABB2 = {isa = PBXBuildFile; fileRef = C4EB93D03810DE73FA2E5DDD; };
		54064B302CB09D09796C94B9 = {isa = PBXBuildFile; fileRef = 521780DB00AE7F332A032885; };
		155C76781B2F6275A255B72C = {isa = PBXBuildFile; fileRef = 080CD69FE16A65C60D11CB7A; };
		E0F26FB861C65490CAD717E7 = {isa = PBXBuildFile; fileRef = 8491870C7C44748DF3BF8506; };
		B09B1F951D0278279FA5BC0F = {isa = PBXBuildFile; fileRef = 8937580F7A4B44EE64C5C5A1; };
		151E01E54230054DFD442595 = {isa = PBXBuildFile; fileRef = CA5A85B3BAC59D02518364E5; };
		05914A3E4BEF551D83B31AA0 = {isa = PBXBuildFile; fileRef = 1172FE49FEFAF5D50696C60B; };
		974EEB83916BE6F628006D9B = {isa = PBXBuildFile; fileRef = 82749A120F01BA95535CA55B; };
		39F81E3BDA9E31DA027E9817 = {isa = PBXBuildFile; fileRef = 22A578433D8D7274E3BE1BF2; };
		33DC2F37FEBE8D4DE792A9FE = {isa = PBXBuildFile; fileRef = B0B8BDDD0C50DA1848574049; };
		853C1934D8187645D3C3C935 = {isa = PBXBuildFile; fileRef = B0E6E72888E93DC02220101F; };
		81D82FCD86ED7F15D1200A1F = {isa = PBXBuildFile; fileRef = FB98842861A7D13F5291406F; };
		77031135DC51B4C828112A4E = {isa = PBXBuildFile; fileRef = 0FA4FFB21BF78CD4E1303F7D; };
		6565C682AC4B4D290876671F = {isa = PBXBuildFile; fileRef = CAEA5877AA1064EE6EF7A726; };
		63E7F149647A71D802638540 = {isa = PBXBuildFile; fileRef = E8661702844197E5E7B1D7E8; };
		8BF4414B985D12DADD598E58 = {isa = PBXBuildFile; fileRef = 0EE1D8F7423D2902CAEAE36F; };
		DA32B79D20E42E6FCD4BFD7E = {isa = PBXBuildFile; fileRef = 7890B0CF1917D0A880A6EF01; };
		28518C0B8B4FF95E79C555AE = {isa = PBXBuildFile; fileRef = 2CF75DA6269BAB45EC1D5FDF; };
		6832C148437EAF710EA1D94A = {isa = PBXBuildFile; fileRef = 3C6736100882D25F8092494C; };
		5FEBC118B3C0B52B29EED943 = {isa = PBXBuildFile; fileRef = 8CD7CB70DB6DCDE69C2B4DC6; };
		1FEE54BCEA45ABFD9EC245B2 = {isa = PBXBuildFile; fileRef = A8861E15BCBF0CD8F67ED603; };
		C4F0113ED1CA7574CBDCB6AC = {isa = PBXBuildFile; fileRef = D3C9AF351B364A6CFD36F35E; };
		C30E425DEB5B7782DF60B9C6 = {isa = PBXBuildFile; fileRef = 70F12CF18DBCA2259912784A; };
		0352CC047162190CFAEC8F08 = {isa = PBXFileReference; lastKnownFileType = sourcecode.c.h; name = AppConfig.h; path = ../../JuceLibraryCode/AppConfig.h; sourceTree = "SOURCE_ROOT"; };
		080CD69FE16A65C60D11CB7A = {isa = PBXFileReference; lastKnownFileType = wrapper.framework; name = IOKit.framework; path = System/Library/Frameworks/IOKit.framework; sourceTree = SDKROOT; };
		0EE1D8F7423D2902CAEAE36F = {isa = PBXFileReference; lastKnownFileType = sourcecode.cpp.objcpp; name = "include_juce_audio_utils.mm"; path = "../../JuceLibraryCode/include_juce_audio_utils.mm"; sourceTree = "SOURCE_ROOT"; };
		0F40BA6B3F16E252C31E9262 = {isa = PBXFileReference; lastKnownFileType = file; name = "juce_audio_basics"; path = "../../../../../../JUCE/modules/juce_audio_basics"; sourceTree = "SOURCE_ROOT"; };
		0FA4FFB21BF78CD4E1303F7D = {isa = PBXFileReference; lastKnownFileType = sourcecode.cpp.objcpp; name = "include_juce_audio_plugin_client_VST_utils.mm"; path = "../../JuceLibraryCode/include_juce_audio_plugin_client_VST_utils.mm"; sourceTree = "SOURCE_ROOT"; };
		1172FE49FEFAF5D50696C60B = {isa = PBXFileReference; lastKnownFileType = sourcecode.cpp.cpp; name = PluginProcessor.cpp; path = ../../Source/PluginProcessor.cpp; sourceTree = "SOURCE_ROOT"; };
		1DC0ABDE7F93471EF3B22792 = {isa = PBXFileReference; lastKnownFileType = text.plist.xml; name = upmixer.entitlements; path = upmixer.entitlements; sourceTree = "SOURCE_ROOT"; };
		1E887BC375A9980B48EDB057 = {isa = PBXFileReference; lastKnownFileType = file; name = "juce_audio_utils"; path = "../../../../../../JUCE/modules/juce_audio_utils"; sourceTree = "SOURCE_ROOT"; };
		22A578433D8D7274E3BE1BF2 = {isa = PBXFileReference; lastKnownFileType = sourcecode.cpp.objcpp; name = "include_juce_audio_basics.mm"; path = "../../JuceLibraryCode/include_juce_audio_basics.mm"; sourceTree = "SOURCE_ROOT"; };
		2CF75DA6269BAB45EC1D5FDF = {isa = PBXFileReference; lastKnownFileType = sourcecode.cpp.objcpp; name = "include_juce_data_structures.mm"; path = "../../JuceLibraryCode/include_juce_data_structures.mm"; sourceTree = "SOURCE_ROOT"; };
		3AF95EDF025E9BA518CD0768 = {isa = PBXFileReference; lastKnownFileType = file; name = "juce_dsp"; path = "../../../../../../JUCE/modules/juce_dsp"; sourceTree = "SOURCE_ROOT"; };
		3C6736100882D25F8092494C = {isa = PBXFileReference; lastKnownFileType = sourcecode.cpp.objcpp; name = "include_juce_dsp.mm"; path = "../../JuceLibraryCode/include_juce_dsp.mm"; sourceTree = "SOURCE_ROOT"; };
		3D005B00AD3BCA66CE69D298 = {isa = PBXFileReference; lastKnownFileType = sourcecode.c.h; name = PluginEditor.h; path = ../../Source/PluginEditor.h; sourceTree = "SOURCE_ROOT"; };
		521780DB00AE7F332A032885 = {isa = PBXFileReference; lastKnownFileType = wrapper.framework; name = DiscRecording.framework; path = System/Library/Frameworks/DiscRecording.framework; sourceTree = SDKROOT; };
		5D474030BF3FD5BA26E04B9E = {isa = PBXFileReference; lastKnownFileType = file; name = "juce_audio_devices"; path = "../../../../../../JUCE/modules/juce_audio_devices"; sourceTree = "SOURCE_ROOT"; };
		6B9AE62D1C3A0B2237C0ED3D = {isa = PBXFileReference; lastKnownFileType = sourcecode.c.h; name = PluginProcessor.h; path = ../../Source/PluginProcessor.h; sourceTree = "SOURCE_ROOT"; };
		70F12CF18DBCA2259912784A = {isa = PBXFileReference; lastKnownFileType = sourcecode.cpp.objcpp; name = "include_juce_gui_extra.mm"; path = "../../JuceLibraryCode/include_juce_gui_extra.mm"; sourceTree = "SOURCE_ROOT"; };
		787F00903DBF416A7F073233 = {isa = PBXFileReference; lastKnownFileType = wrapper.framework; name = Cocoa.framework; path = System/Library/Frameworks/Cocoa.framework; sourceTree = SDKROOT; };
		7890B0CF1917D0A880A6EF01 = {isa = PBXFileReference; lastKnownFileType = sourcecode.cpp.objcpp; name = "include_juce_core.mm"; path = "../../JuceLibraryCode/include_juce_core.mm"; sourceTree = "SOURCE_ROOT"; };
		78C42BE9A31E7F2E4B31A953 = {isa = PBXFileReference; lastKnownFileType = file; name = "juce_gui_extra"; path = "../../../../../../JUCE/modules/juce_gui_extra"; sourceTree = "SOURCE_ROOT"; };
		7D46E81F46918332402D508B = {isa = PBXFileReference; lastKnownFileType = file; name = "juce_audio_processors"; path = "../../../../../../JUCE/modules/juce_audio_processors"; sourceTree = "SOURCE_ROOT"; };
		7F25C79579E164D8E1D5C32E = {isa = PBXFileReference; lastKnownFileType = file; name = "juce_audio_plugin_client"; path = "../../../../../../JUCE/modules/juce_audio_plugin_client"; sourceTree = "SOURCE_ROOT"; };
		82749A120F01BA95535CA55B = {isa = PBXFileReference; lastKnownFileType = sourcecode.cpp.cpp; name = PluginEditor.cpp; path = ../../Source/PluginEditor.cpp; sourceTree = "SOURCE_ROOT"; };
		8491870C7C44748DF3BF8506 = {isa = PBXFileReference; lastKnownFileType = wrapper.framework; name = QuartzCore.framework; path = System/Library/Frameworks/QuartzCore.framework; sourceTree = SDKROOT; };
		8937580F7A4B44EE64C5C5A1 = {isa = PBXFileReference; lastKnownFileType = wrapper.framework; name = WebKit.framework; path = System/Library/Frameworks/WebKit.framework; sourceTree = SDKROOT; };
		8CD7CB70DB6DCDE69C2B4DC6 = {isa = PBXFileReference; lastKnownFileType = sourcecode.cpp.objcpp; name = "include_juce_events.mm"; path = "../../JuceLibraryCode/include_juce_events.mm"; sourceTree = "SOURCE_ROOT"; };
		9277AB79385CAA1CA5C95022 = {isa = PBXFileReference; lastKnownFileType = file; name = "juce_events"; path = "../../../../../../JUCE/modules/juce_events"; sourceTree = "SOURCE_ROOT"; };
		A4F42358D36A3BE288C51B2C = {isa = PBXFileReference; lastKnownFileType = file; name = "juce_audio_formats"; path = "../../../../../../JUCE/modules/juce_audio_formats"; sourceTree = "SOURCE_ROOT"; };
		A79CF88F96EB346F253C3D6D = {isa = PBXFileReference; explicitFileType = wrapper.cfbundle; includeInIndex = 0; path = upmixer.vst; sourceTree = "BUILT_PRODUCTS_DIR"; };
		A80EF6C146DDDD8C04354C56 = {isa = PBXFileReference; lastKnownFileType = file; name = "juce_gui_basics"; path = "../../../../../../JUCE/modules/juce_gui_basics"; sourceTree = "SOURCE_ROOT"; };
		A8861E15BCBF0CD8F67ED603 = {isa = PBXFileReference; lastKnownFileType = sourcecode.cpp.objcpp; name = "include_juce_graphics.mm"; path = "../../JuceLibraryCode/include_juce_graphics.mm"; sourceTree = "SOURCE_ROOT"; };
		B0B8BDDD0C50DA1848574049 = {isa = PBXFileReference; lastKnownFileType = sourcecode.cpp.objcpp; name = "include_juce_audio_devices.mm"; path = "../../JuceLibraryCode/include_juce_audio_devices.mm"; sourceTree = "SOURCE_ROOT"; };
		B0E6E72888E93DC02220101F = {isa = PBXFileReference; lastKnownFileType = sourcecode.cpp.objcpp; name = "include_juce_audio_formats.mm"; path = "../../JuceLibraryCode/include_juce_audio_formats.mm"; sourceTree = "SOURCE_ROOT"; };
		B80276E31BF176654336BB78 = {isa = PBXFileReference; lastKnownFileType = sourcecode.c.h; name = JuceHeader.h; path = ../../JuceLibraryCode/JuceHeader.h; sourceTree = "SOURCE_ROOT"; };
		BE74509DBF2A5B4F8EA6C162 = {isa = PBXFileReference; lastKnownFileType = wrapper.framework; name = AudioToolbox.framework; path = System/Library/Frameworks/AudioToolbox.framework; sourceTree = SDKROOT; };
		C3469FAE7A388755B34F7764 = {isa = PBXFileReference; lastKnownFileType = file; name = "juce_graphics"; path = "../../../../../../JUCE/modules/juce_graphics"; sourceTree = "SOURCE_ROOT"; };
		C4EB93D03810DE73FA2E5DDD = {isa = PBXFileReference; lastKnownFileType = wrapper.framework; name = CoreMIDI.framework; path = System/Library/Frameworks/CoreMIDI.framework; sourceTree = SDKROOT; };
		C7CD5C19A003A5E0E5042212 = {isa = PBXFileReference; lastKnownFileType = wrapper.framework; name = Carbon.framework; path = System/Library/Frameworks/Carbon.framework; sourceTree = SDKROOT; };
		CA5A85B3BAC59D02518364E5 = {isa = PBXFileReference; lastKnownFileType = file.nib; name = RecentFilesMenuTemplate.nib; path = RecentFilesMenuTemplate.nib; sourceTree = "SOURCE_ROOT"; };
		CAEA5877AA1064EE6EF7A726 = {isa = PBXFileReference; lastKnownFileType = sourcecode.cpp.cpp; name = "include_juce_audio_plugin_client_VST2.cpp"; path = "../../JuceLibraryCode/include_juce_audio_plugin_client_VST2.cpp"; sourceTree = "SOURCE_ROOT"; };
		CB95FA19317AA44656A46D4F = {isa = PBXFileReference; lastKnownFileType = file; name = "juce_data_structures"; path = "../../../../../../JUCE/modules/juce_data_structures"; sourceTree = "SOURCE_ROOT"; };
		D34E9263D5B36562C684E1BD = {isa = PBXFileReference; explicitFileType = archive.ar; includeInIndex = 0; path = libupmixer.a; sourceTree = "BUILT_PRODUCTS_DIR"; };
		D3C9AF351B364A6CFD36F35E = {isa = PBXFileReference; lastKnownFileType = sourcecode.cpp.objcpp; name = "include_juce_gui_basics.mm"; path = "../../JuceLibraryCode/include_juce_gui_basics.mm"; sourceTree = "SOURCE_ROOT"; };
		DDC62779667F6393B1520139 = {isa = PBXFileReference; lastKnownFileType = file; name = "juce_core"; path = "../../../../../../JUCE/modules/juce_core"; sourceTree = "SOURCE_ROOT"; };
		E8661702844197E5E7B1D7E8 = {isa = PBXFileReference; lastKnownFileType = sourcecode.cpp.objcpp; name = "include_juce_audio_processors.mm"; path = "../../JuceLibraryCode/include_juce_audio_processors.mm"; sourceTree = "SOURCE_ROOT"; };
		E956E63A7FA5AEF8D9E71A85 = {isa = PBXFileReference; lastKnownFileType = wrapper.framework; name = CoreAudio.framework; path = System/Library/Frameworks/CoreAudio.framework; sourceTree = SDKROOT; };
		EA32AA46FDFCE5E98A981833 = {isa = PBXFileReference; lastKnownFileType = wrapper.framework; name = Accelerate.framework; path = System/Library/Frameworks/Accelerate.framework; sourceTree = SDKROOT; };
		F62B1B449E854B85E60EB904 = {isa = PBXFileReference; lastKnownFileType = text.plist.xml; name = "Info-VST.plist"; path = "Info-VST.plist"; sourceTree = "SOURCE_ROOT"; };
		FB98842861A7D13F5291406F = {isa = PBXFileReference; lastKnownFileType = sourcecode.cpp.cpp; name = "include_juce_audio_plugin_client_utils.cpp"; path = "../../JuceLibraryCode/include_juce_audio_plugin_client_utils.cpp"; sourceTree = "SOURCE_ROOT"; };
		5F5CA9AD55F9472675F71E35 = {isa = PBXGroup; children = (
					1172FE49FEFAF5D50696C60B,
					6B9AE62D1C3A0B2237C0ED3D,
					82749A120F01BA95535CA55B,
					3D005B00AD3BCA66CE69D298, ); name = Source; sourceTree = "<group>"; };
		039AFD6701F5590FF5F140A8 = {isa = PBXGroup; children = (
					5F5CA9AD55F9472675F71E35, ); name = upmixer; sourceTree = "<group>"; };
		78D3646A85F084E2F234D8E8 = {isa = PBXGroup; children = (
					0F40BA6B3F16E252C31E9262,
					5D474030BF3FD5BA26E04B9E,
					A4F42358D36A3BE288C51B2C,
					7F25C79579E164D8E1D5C32E,
					7D46E81F46918332402D508B,
					1E887BC375A9980B48EDB057,
					DDC62779667F6393B1520139,
					CB95FA19317AA44656A46D4F,
					3AF95EDF025E9BA518CD0768,
					9277AB79385CAA1CA5C95022,
					C3469FAE7A388755B34F7764,
					A80EF6C146DDDD8C04354C56,
					78C42BE9A31E7F2E4B31A953, ); name = "JUCE Modules"; sourceTree = "<group>"; };
		670F4F7357C61690DFB32DC5 = {isa = PBXGroup; children = (
					0352CC047162190CFAEC8F08,
					22A578433D8D7274E3BE1BF2,
					B0B8BDDD0C50DA1848574049,
					B0E6E72888E93DC02220101F,
					FB98842861A7D13F5291406F,
					0FA4FFB21BF78CD4E1303F7D,
					CAEA5877AA1064EE6EF7A726,
					E8661702844197E5E7B1D7E8,
					0EE1D8F7423D2902CAEAE36F,
					7890B0CF1917D0A880A6EF01,
					2CF75DA6269BAB45EC1D5FDF,
					3C6736100882D25F8092494C,
					8CD7CB70DB6DCDE69C2B4DC6,
					A8861E15BCBF0CD8F67ED603,
					D3C9AF351B364A6CFD36F35E,
					70F12CF18DBCA2259912784A,
					B80276E31BF176654336BB78, ); name = "JUCE Library Code"; sourceTree = "<group>"; };
		53C548B349CD2BCB3029B557 = {isa = PBXGroup; children = (
					F62B1B449E854B85E60EB904,
					CA5A85B3BAC59D02518364E5, ); name = Resources; sourceTree = "<group>"; };
		C6D542597583BCDE68433DFF = {isa = PBXGroup; children = (
					EA32AA46FDFCE5E98A981833,
					BE74509DBF2A5B4F8EA6C162,
					C7CD5C19A003A5E0E5042212,
					787F00903DBF416A7F073233,
					E956E63A7FA5AEF8D9E71A85,
					C4EB93D03810DE73FA2E5DDD,
					521780DB00AE7F332A032885,
					080CD69FE16A65C60D11CB7A,
					8491870C7C44748DF3BF8506,
					8937580F7A4B44EE64C5C5A1, ); name = Frameworks; sourceTree = "<group>"; };
		970EE8EF0F9805C412AFD6F3 = {isa = PBXGroup; children = (
					A79CF88F96EB346F253C3D6D,
					D34E9263D5B36562C684E1BD, ); name = Products; sourceTree = "<group>"; };
		310388590D2BD792F3BD8C1F = {isa = PBXGroup; children = (
					1DC0ABDE7F93471EF3B22792,
					039AFD6701F5590FF5F140A8,
					78D3646A85F084E2F234D8E8,
					670F4F7357C61690DFB32DC5,
					53C548B349CD2BCB3029B557,
					C6D542597583BCDE68433DFF,
					970EE8EF0F9805C412AFD6F3, ); name = Source; sourceTree = "<group>"; };
		8402FFFF49355C4DD5C3A08F = {isa = XCBuildConfiguration; buildSettings = {
				MACOSX_DEPLOYMENT_TARGET = 10.11; }; name = Debug; };
		472DC14A71A8343553679E61 = {isa = XCBuildConfiguration; buildSettings = {
				MACOSX_DEPLOYMENT_TARGET = 10.11; }; name = Release; };
		B48DDEDB9838A499FE943E12 = {isa = XCBuildConfiguration; buildSettings = {
				CLANG_CXX_LANGUAGE_STANDARD = "c++14";
				CLANG_CXX_LIBRARY = "libc++";
				CLANG_LINK_OBJC_RUNTIME = NO;
				COMBINE_HIDPI_IMAGES = YES;
				CONFIGURATION_BUILD_DIR = "$(PROJECT_DIR)/build/$(CONFIGURATION)";
				COPY_PHASE_STRIP = NO;
				DEPLOYMENT_LOCATION = YES;
				DSTROOT = /;
				GCC_DYNAMIC_NO_PIC = NO;
				GCC_OPTIMIZATION_LEVEL = 0;
				GCC_PREPROCESSOR_DEFINITIONS = (
					"_DEBUG=1",
					"DEBUG=1",
					"JUCER_XCODE_MAC_F6D2F4CF=1",
					"JUCE_APP_VERSION=0.0.1",
					"JUCE_APP_VERSION_HEX=0x1",
					"JucePlugin_Build_VST=1",
					"JucePlugin_Build_VST3=0",
					"JucePlugin_Build_AU=0",
					"JucePlugin_Build_AUv3=0",
					"JucePlugin_Build_RTAS=0",
					"JucePlugin_Build_AAX=0",
					"JucePlugin_Build_Standalone=0", );
				GCC_VERSION = com.apple.compilers.llvm.clang.1_0;
				GENERATE_PKGINFO_FILE = YES;
				HEADER_SEARCH_PATHS = ("../../JuceLibraryCode", "../../../../../../JUCE/modules", "../../../../../../JUCE/modules/juce_audio_plugin_client", "$(inherited)");
				INFOPLIST_FILE = Info-VST.plist;
				INFOPLIST_PREPROCESS = NO;
				INSTALL_PATH = "$(HOME)/Library/Audio/Plug-Ins/VST/";
				LIBRARY_STYLE = Bundle;
				MACOSX_DEPLOYMENT_TARGET = 10.11;
				MACOSX_DEPLOYMENT_TARGET_ppc = 10.4;
				OTHER_LDFLAGS = "-bundle -lupmixer";
				PRODUCT_BUNDLE_IDENTIFIER = com.yourcompany.upmixer;
				SDKROOT_ppc = macosx10.5;
				USE_HEADERMAP = NO;
				WRAPPER_EXTENSION = vst; }; name = Debug; };
		3A4B6EE2261924C7CC47A856 = {isa = XCBuildConfiguration; buildSettings = {
				CLANG_CXX_LANGUAGE_STANDARD = "c++14";
				CLANG_CXX_LIBRARY = "libc++";
				CLANG_LINK_OBJC_RUNTIME = NO;
				COMBINE_HIDPI_IMAGES = YES;
				CONFIGURATION_BUILD_DIR = "$(PROJECT_DIR)/build/$(CONFIGURATION)";
				DEAD_CODE_STRIPPING = YES;
				DEPLOYMENT_LOCATION = YES;
				DSTROOT = /;
				GCC_GENERATE_DEBUGGING_SYMBOLS = NO;
				GCC_OPTIMIZATION_LEVEL = 3;
				GCC_PREPROCESSOR_DEFINITIONS = (
					"_NDEBUG=1",
					"NDEBUG=1",
					"JUCER_XCODE_MAC_F6D2F4CF=1",
					"JUCE_APP_VERSION=0.0.1",
					"JUCE_APP_VERSION_HEX=0x1",
					"JucePlugin_Build_VST=1",
					"JucePlugin_Build_VST3=0",
					"JucePlugin_Build_AU=0",
					"JucePlugin_Build_AUv3=0",
					"JucePlugin_Build_RTAS=0",
					"JucePlugin_Build_AAX=0",
					"JucePlugin_Build_Standalone=0", );
				GCC_SYMBOLS_PRIVATE_EXTERN = YES;
				GCC_VERSION = com.apple.compilers.llvm.clang.1_0;
				GENERATE_PKGINFO_FILE = YES;
				HEADER_SEARCH_PATHS = ("../../JuceLibraryCode", "../../../../../../JUCE/modules", "../../../../../../JUCE/modules/juce_audio_plugin_client", "$(inherited)");
				INFOPLIST_FILE = Info-VST.plist;
				INFOPLIST_PREPROCESS = NO;
				INSTALL_PATH = "$(HOME)/Library/Audio/Plug-Ins/VST/";
				LIBRARY_STYLE = Bundle;
				LLVM_LTO = YES;
				MACOSX_DEPLOYMENT_TARGET = 10.11;
				MACOSX_DEPLOYMENT_TARGET_ppc = 10.4;
				OTHER_LDFLAGS = "-bundle -lupmixer";
				PRODUCT_BUNDLE_IDENTIFIER = com.yourcompany.upmixer;
				SDKROOT_ppc = macosx10.5;
				USE_HEADERMAP = NO;
				WRAPPER_EXTENSION = vst; }; name = Release; };
		68365BDD57CC1DDD4F3531CA = {isa = XCBuildConfiguration; buildSettings = {
				CLANG_CXX_LANGUAGE_STANDARD = "c++14";
				CLANG_CXX_LIBRARY = "libc++";
				CLANG_LINK_OBJC_RUNTIME = NO;
				COMBINE_HIDPI_IMAGES = YES;
				CONFIGURATION_BUILD_DIR = "$(PROJECT_DIR)/build/$(CONFIGURATION)";
				COPY_PHASE_STRIP = NO;
				GCC_DYNAMIC_NO_PIC = NO;
				GCC_OPTIMIZATION_LEVEL = 0;
				GCC_PREPROCESSOR_DEFINITIONS = (
					"_DEBUG=1",
					"DEBUG=1",
					"JUCER_XCODE_MAC_F6D2F4CF=1",
					"JUCE_APP_VERSION=0.0.1",
					"JUCE_APP_VERSION_HEX=0x1",
					"JucePlugin_Build_VST=1",
					"JucePlugin_Build_VST3=0",
					"JucePlugin_Build_AU=0",
					"JucePlugin_Build_AUv3=0",
					"JucePlugin_Build_RTAS=0",
					"JucePlugin_Build_AAX=0",
					"JucePlugin_Build_Standalone=0",
					"JUCE_SHARED_CODE=1", );
				GCC_VERSION = com.apple.compilers.llvm.clang.1_0;
				HEADER_SEARCH_PATHS = ("../../JuceLibraryCode", "../../../../../../JUCE/modules", "../../../../../../JUCE/modules/juce_audio_plugin_client", "$(inherited)");
				INSTALL_PATH = "@executable_path/../Frameworks";
				MACOSX_DEPLOYMENT_TARGET = 10.11;
				MACOSX_DEPLOYMENT_TARGET_ppc = 10.4;
				PRODUCT_BUNDLE_IDENTIFIER = com.yourcompany.upmixer;
				SDKROOT_ppc = macosx10.5;
				USE_HEADERMAP = NO; }; name = Debug; };
		2CA695D34C8F71137D24FC15 = {isa = XCBuildConfiguration; buildSettings = {
				CLANG_CXX_LANGUAGE_STANDARD = "c++14";
				CLANG_CXX_LIBRARY = "libc++";
				CLANG_LINK_OBJC_RUNTIME = NO;
				COMBINE_HIDPI_IMAGES = YES;
				CONFIGURATION_BUILD_DIR = "$(PROJECT_DIR)/build/$(CONFIGURATION)";
				DEAD_CODE_STRIPPING = YES;
				GCC_GENERATE_DEBUGGING_SYMBOLS = NO;
				GCC_OPTIMIZATION_LEVEL = 3;
				GCC_PREPROCESSOR_DEFINITIONS = (
					"_NDEBUG=1",
					"NDEBUG=1",
					"JUCER_XCODE_MAC_F6D2F4CF=1",
					"JUCE_APP_VERSION=0.0.1",
					"JUCE_APP_VERSION_HEX=0x1",
					"JucePlugin_Build_VST=1",
					"JucePlugin_Build_VST3=0",
					"JucePlugin_Build_AU=0",
					"JucePlugin_Build_AUv3=0",
					"JucePlugin_Build_RTAS=0",
					"JucePlugin_Build_AAX=0",
					"JucePlugin_Build_Standalone=0",
					"JUCE_SHARED_CODE=1", );
				GCC_SYMBOLS_PRIVATE_EXTERN = YES;
				GCC_VERSION = com.apple.compilers.llvm.clang.1_0;
				HEADER_SEARCH_PATHS = ("../../JuceLibraryCode", "../../../../../../JUCE/modules", "../../../../../../JUCE/modules/juce_audio_plugin_client", "$(inherited)");
				INSTALL_PATH = "@executable_path/../Frameworks";
				LLVM_LTO = YES;
				MACOSX_DEPLOYMENT_TARGET = 10.11;
				MACOSX_DEPLOYMENT_TARGET_ppc = 10.4;
				PRODUCT_BUNDLE_IDENTIFIER = com.yourcompany.upmixer;
				SDKROOT_ppc = macosx10.5;
				USE_HEADERMAP = NO; }; name = Release; };
		201C6D49C12FEBDE7F501343 = {isa = XCBuildConfiguration; buildSettings = {
				ALWAYS_SEARCH_USER_PATHS = NO;
				CLANG_WARN_BLOCK_CAPTURE_AUTORELEASING = YES;
				CLANG_WARN_BOOL_CONVERSION = YES;
				CLANG_WARN_COMMA = YES;
				CLANG_WARN_CONSTANT_CONVERSION = YES;
				CLANG_WARN_EMPTY_BODY = YES;
				CLANG_WARN_ENUM_CONVERSION = YES;
				CLANG_WARN_INFINITE_RECURSION = YES;
				CLANG_WARN_INT_CONVERSION = YES;
				CLANG_WARN_NON_LITERAL_NULL_CONVERSION = YES;
				CLANG_WARN_OBJC_LITERAL_CONVERSION = YES;
				CLANG_WARN_RANGE_LOOP_ANALYSIS = YES;
				CLANG_WARN_STRICT_PROTOTYPES = YES;
				CLANG_WARN_SUSPICIOUS_MOVE = YES;
				CLANG_WARN_UNREACHABLE_CODE = YES;
				CLANG_WARN__DUPLICATE_METHOD_MATCH = YES;
				DEBUG_INFORMATION_FORMAT = "dwarf";
				ENABLE_STRICT_OBJC_MSGSEND = YES;
				ENABLE_TESTABILITY = YES;
				GCC_C_LANGUAGE_STANDARD = c11;
				GCC_INLINES_ARE_PRIVATE_EXTERN = YES;
				GCC_MODEL_TUNING = G5;
				GCC_NO_COMMON_BLOCKS = YES;
				GCC_WARN_64_TO_32_BIT_CONVERSION = YES;
				GCC_WARN_ABOUT_RETURN_TYPE = YES;
				GCC_WARN_CHECK_SWITCH_STATEMENTS = YES;
				GCC_WARN_MISSING_PARENTHESES = YES;
				GCC_WARN_NON_VIRTUAL_DESTRUCTOR = YES;
				GCC_WARN_TYPECHECK_CALLS_TO_PRINTF = YES;
				GCC_WARN_UNDECLARED_SELECTOR = YES;
				GCC_WARN_UNINITIALIZED_AUTOS = YES;
				GCC_WARN_UNUSED_FUNCTION = YES;
				GCC_WARN_UNUSED_VARIABLE = YES;
				ONLY_ACTIVE_ARCH = YES;
				PRODUCT_NAME = "upmixer";
				WARNING_CFLAGS = -Wreorder;
				ZERO_LINK = NO; }; name = Debug; };
		0BBE5ED33EE3E0787E0E52AC = {isa = XCBuildConfiguration; buildSettings = {
				ALWAYS_SEARCH_USER_PATHS = NO;
				CLANG_WARN_BLOCK_CAPTURE_AUTORELEASING = YES;
				CLANG_WARN_BOOL_CONVERSION = YES;
				CLANG_WARN_COMMA = YES;
				CLANG_WARN_CONSTANT_CONVERSION = YES;
				CLANG_WARN_EMPTY_BODY = YES;
				CLANG_WARN_ENUM_CONVERSION = YES;
				CLANG_WARN_INFINITE_RECURSION = YES;
				CLANG_WARN_INT_CONVERSION = YES;
				CLANG_WARN_NON_LITERAL_NULL_CONVERSION = YES;
				CLANG_WARN_OBJC_LITERAL_CONVERSION = YES;
				CLANG_WARN_RANGE_LOOP_ANALYSIS = YES;
				CLANG_WARN_STRICT_PROTOTYPES = YES;
				CLANG_WARN_SUSPICIOUS_MOVE = YES;
				CLANG_WARN_UNREACHABLE_CODE = YES;
				CLANG_WARN__DUPLICATE_METHOD_MATCH = YES;
				DEBUG_INFORMATION_FORMAT = "dwarf";
				ENABLE_STRICT_OBJC_MSGSEND = YES;
				GCC_C_LANGUAGE_STANDARD = c11;
				GCC_INLINES_ARE_PRIVATE_EXTERN = YES;
				GCC_MODEL_TUNING = G5;
				GCC_NO_COMMON_BLOCKS = YES;
				GCC_WARN_64_TO_32_BIT_CONVERSION = YES;
				GCC_WARN_ABOUT_RETURN_TYPE = YES;
				GCC_WARN_CHECK_SWITCH_STATEMENTS = YES;
				GCC_WARN_MISSING_PARENTHESES = YES;
				GCC_WARN_NON_VIRTUAL_DESTRUCTOR = YES;
				GCC_WARN_TYPECHECK_CALLS_TO_PRINTF = YES;
				GCC_WARN_UNDECLARED_SELECTOR = YES;
				GCC_WARN_UNINITIALIZED_AUTOS = YES;
				GCC_WARN_UNUSED_FUNCTION = YES;
				GCC_WARN_UNUSED_VARIABLE = YES;
				PRODUCT_NAME = "upmixer";
				WARNING_CFLAGS = -Wreorder;
				ZERO_LINK = NO; }; name = Release; };
		BE6E2CDA2E092669148FF81E = {isa = PBXTargetDependency; target = 79DE7D55A0331A3AB31D57C7; };
		8D21949AA32078426AD7E2EC = {isa = PBXTargetDependency; target = D638C1F9259C7CE46AF88694; };
		612BCB1D9A114E19F0123228 = {isa = XCConfigurationList; buildConfigurations = (
					201C6D49C12FEBDE7F501343,
					0BBE5ED33EE3E0787E0E52AC, ); defaultConfigurationIsVisible = 0; defaultConfigurationName = Debug; };
		BC788BB174A109C6966E7E89 = {isa = XCConfigurationList; buildConfigurations = (
					8402FFFF49355C4DD5C3A08F,
					472DC14A71A8343553679E61, ); defaultConfigurationIsVisible = 0; defaultConfigurationName = Debug; };
		39A2009D51E2F067DFA7D53B = {isa = PBXAggregateTarget; buildConfigurationList = BC788BB174A109C6966E7E89; buildPhases = (  ); buildRules = ( ); dependencies = (
					BE6E2CDA2E092669148FF81E,
					8D21949AA32078426AD7E2EC, ); name = "upmixer - All"; productName = upmixer; };
		03F8D622AF67B3115A0E36F1 = {isa = XCConfigurationList; buildConfigurations = (
					B48DDEDB9838A499FE943E12,
					3A4B6EE2261924C7CC47A856, ); defaultConfigurationIsVisible = 0; defaultConfigurationName = Debug; };
		56EB1BF05D8F0D1A46267792 = {isa = PBXResourcesBuildPhase; buildActionMask = 2147483647; files = (
					151E01E54230054DFD442595, ); runOnlyForDeploymentPostprocessing = 0; };
		00B1F7FFF38BD8A42AD8BF3D = {isa = PBXSourcesBuildPhase; buildActionMask = 2147483647; files = (
					6565C682AC4B4D290876671F, ); runOnlyForDeploymentPostprocessing = 0; };
		0431088C3F87BE4CD94FEB90 = {isa = PBXFrameworksBuildPhase; buildActionMask = 2147483647; files = (
					AE0CC1EEAF1E7ACF406BEC8A,
					117DA5AC1CF42A6963F300D8,
					50A1ABA80E55303C76D57457,
					43C6D4934FF360F2D2332325,
					DC7AEC6FEBB3A25C989549FF,
					1610017403905DC94CE3ABB2,
					54064B302CB09D09796C94B9,
					155C76781B2F6275A255B72C,
					E0F26FB861C65490CAD717E7,
					B09B1F951D0278279FA5BC0F, ); runOnlyForDeploymentPostprocessing = 0; };
		79DE7D55A0331A3AB31D57C7 = {isa = PBXNativeTarget; buildConfigurationList = 03F8D622AF67B3115A0E36F1; buildPhases = (
					56EB1BF05D8F0D1A46267792,
					00B1F7FFF38BD8A42AD8BF3D,
					0431088C3F87BE4CD94FEB90, ); buildRules = ( ); dependencies = (
					8D21949AA32078426AD7E2EC, ); name = "upmixer - VST"; productName = upmixer; productReference = A79CF88F96EB346F253C3D6D; productType = "com.apple.product-type.bundle"; };
		9543EBE2052333D658F3A084 = {isa = XCConfigurationList; buildConfigurations = (
					68365BDD57CC1DDD4F3531CA,
					2CA695D34C8F71137D24FC15, ); defaultConfigurationIsVisible = 0; defaultConfigurationName = Debug; };
		265717541EA7AC7E06E88E73 = {isa = PBXSourcesBuildPhase; buildActionMask = 2147483647; files = (
					05914A3E4BEF551D83B31AA0,
					974EEB83916BE6F628006D9B,
					39F81E3BDA9E31DA027E9817,
					33DC2F37FEBE8D4DE792A9FE,
					853C1934D8187645D3C3C935,
					81D82FCD86ED7F15D1200A1F,
					77031135DC51B4C828112A4E,
					63E7F149647A71D802638540,
					8BF4414B985D12DADD598E58,
					DA32B79D20E42E6FCD4BFD7E,
					28518C0B8B4FF95E79C555AE,
					6832C148437EAF710EA1D94A,
					5FEBC118B3C0B52B29EED943,
					1FEE54BCEA45ABFD9EC245B2,
					C4F0113ED1CA7574CBDCB6AC,
					C30E425DEB5B7782DF60B9C6, ); runOnlyForDeploymentPostprocessing = 0; };
		D638C1F9259C7CE46AF88694 = {isa = PBXNativeTarget; buildConfigurationList = 9543EBE2052333D658F3A084; buildPhases = (
					265717541EA7AC7E06E88E73, ); buildRules = ( ); dependencies = (  ); name = "upmixer - Shared Code"; productName = upmixer; productReference = D34E9263D5B36562C684E1BD; productType = "com.apple.product-type.library.static"; };
		B1B4E8F77189E820E5FB0565 = {isa = PBXProject; buildConfigurationList = 612BCB1D9A114E19F0123228; attributes = { LastUpgradeCheck = 0930; ORGANIZATIONNAME = "dkoutsaidis"; TargetAttributes = { 39A2009D51E2F067DFA7D53B = { SystemCapabilities = {com.apple.ApplicationGroups.iOS = { enabled = 0; }; com.apple.InAppPurchase = { enabled = 0; }; com.apple.InterAppAudio = { enabled = 0; }; com.apple.Push = { enabled = 0; }; com.apple.Sandbox = { enabled = 0; }; }; };79DE7D55A0331A3AB31D57C7 = { SystemCapabilities = {com.apple.ApplicationGroups.iOS = { enabled = 0; }; com.apple.InAppPurchase = { enabled = 0; }; com.apple.InterAppAudio = { enabled = 0; }; com.apple.Push = { enabled = 0; }; com.apple.Sandbox = { enabled = 0; }; }; };D638C1F9259C7CE46AF88694 = { SystemCapabilities = {com.apple.ApplicationGroups.iOS = { enabled = 0; }; com.apple.InAppPurchase = { enabled = 0; }; com.apple.InterAppAudio = { enabled = 0; }; com.apple.Push = { enabled = 0; }; com.apple.Sandbox = { enabled = 0; }; }; }; }; }; compatibilityVersion = "Xcode 3.2"; hasScannedForEncodings = 0; mainGroup = 310388590D2BD792F3BD8C1F; projectDirPath = ""; projectRoot = ""; targets = (39A2009D51E2F067DFA7D53B, 79DE7D55A0331A3AB31D57C7, D638C1F9259C7CE46AF88694); };
	};
	rootObject = B1B4E8F77189E820E5FB0565;
}
